// !$*UTF8*$!
{
	archiveVersion = 1;
	classes = {
	};
	objectVersion = 77;
	objects = {

/* Begin PBXBuildFile section */
		0B667B4B9EE1DDAA2A5E9AB2 /* AddEntrySheet.swift in Sources */ = {isa = PBXBuildFile; fileRef = 072EA5459B6C666FBC391DCE /* AddEntrySheet.swift */; };
		0EFA6D048D5ED0A770A4C71A /* DayDetailSheet.swift in Sources */ = {isa = PBXBuildFile; fileRef = D144D6562E6C839A631F6E3A /* DayDetailSheet.swift */; };
		20D9B4ECF19C7F850B057771 /* ClockedActivityAttributes.swift in Sources */ = {isa = PBXBuildFile; fileRef = 15D4A0C2AB4BE93A2717DD20 /* ClockedActivityAttributes.swift */; };
		2495BE563BDE696F78029B9E /* Theme.swift in Sources */ = {isa = PBXBuildFile; fileRef = B814CBD2D5916A0EE7188618 /* Theme.swift */; };
		27EA69B5E9A7B96FE4CF6660 /* GeoOutSheet.swift in Sources */ = {isa = PBXBuildFile; fileRef = 8A271D97D28521AFBEB3D595 /* GeoOutSheet.swift */; };
		2BB8BB73511D455AA171CE38 /* Models.swift in Sources */ = {isa = PBXBuildFile; fileRef = 8E495F9CE4B0987AAE3C59E9 /* Models.swift */; };
		2DB805EC0C772B39348EF530 /* Shortcuts.swift in Sources */ = {isa = PBXBuildFile; fileRef = 37B5EDA0F32E016DAD0C1100 /* Shortcuts.swift */; };
		30B84F797992B659C72F583D /* RootView.swift in Sources */ = {isa = PBXBuildFile; fileRef = 07A2A75023920C8623E322A9 /* RootView.swift */; };
		3748BD29FDBD2BD7EBF3F642 /* Snapshot.swift in Sources */ = {isa = PBXBuildFile; fileRef = 0E52B70D325830AC0DF42230 /* Snapshot.swift */; };
		384B0BCF2EFCC0F85E6891F9 /* ClockedApp.swift in Sources */ = {isa = PBXBuildFile; fileRef = DF2241793714B842EB85803D /* ClockedApp.swift */; };
		3A696B32B2424965236431C9 /* StoreTests.swift in Sources */ = {isa = PBXBuildFile; fileRef = A48D292523ED96DCEF70A40E /* StoreTests.swift */; };
		3D8FE526755E28D0B450F274 /* SettingsView.swift in Sources */ = {isa = PBXBuildFile; fileRef = D498BDD49005CFAF3A67C601 /* SettingsView.swift */; };
		3DE416A87FCDC224BC982F60 /* Formatters.swift in Sources */ = {isa = PBXBuildFile; fileRef = 7D3BDE637908135353289E5A /* Formatters.swift */; };
		3F6B8DCC932F70A37F183256 /* AuditRegressionTests.swift in Sources */ = {isa = PBXBuildFile; fileRef = 0A8681EFFD06B766835019BF /* AuditRegressionTests.swift */; };
		44527362B9CA8CA9CDC88B51 /* Components.swift in Sources */ = {isa = PBXBuildFile; fileRef = 8DF01654F3C0AA06BE75F04E /* Components.swift */; };
		4623E7325F54116AC9D4BD9F /* TrackerStore.swift in Sources */ = {isa = PBXBuildFile; fileRef = B2EAD726C278E988D545DF21 /* TrackerStore.swift */; };
		48B7246935C4C1D9E1124888 /* CSVTests.swift in Sources */ = {isa = PBXBuildFile; fileRef = CD7F2F3F7164FEEAC69132A4 /* CSVTests.swift */; };
		49B0F21F50661CFEED096DB2 /* ClockedLiveActivity.swift in Sources */ = {isa = PBXBuildFile; fileRef = A839A437588A90DFFCBEB994 /* ClockedLiveActivity.swift */; };
		4E13B2DFD3F7ED5B8FE1225B /* Wheels.swift in Sources */ = {isa = PBXBuildFile; fileRef = 65A24EC66DC08B4BB72DE1AC /* Wheels.swift */; };
		4F41242347C72C17C4076FED /* ClockedActivityAttributes.swift in Sources */ = {isa = PBXBuildFile; fileRef = 15D4A0C2AB4BE93A2717DD20 /* ClockedActivityAttributes.swift */; };
		5BFB8FEDC7E75537FA24E6A1 /* StatsSuggestionTests.swift in Sources */ = {isa = PBXBuildFile; fileRef = B50418F3A2D4D16B4614BAA0 /* StatsSuggestionTests.swift */; };
		5F35BAA2C515FC17E467EAD3 /* AggregationTests.swift in Sources */ = {isa = PBXBuildFile; fileRef = 571035C40F465623487D3C79 /* AggregationTests.swift */; };
		5F938AE908BDA3BC17023E03 /* ClockedWidgetsBundle.swift in Sources */ = {isa = PBXBuildFile; fileRef = 69C7A1B81C373EFBA5D3F116 /* ClockedWidgetsBundle.swift */; };
		66A6760EF58ADB9267FD2FAD /* TestSupport.swift in Sources */ = {isa = PBXBuildFile; fileRef = 0FEFB4038CAE64001CBCD875 /* TestSupport.swift */; };
		671BF447E565402523FFD0A9 /* ClockedWidgets.appex in Embed Foundation Extensions */ = {isa = PBXBuildFile; fileRef = 23D445F7AE6D802B7A830961 /* ClockedWidgets.appex */; settings = {ATTRIBUTES = (RemoveHeadersOnCopy, ); }; };
		675C0B089A30F56DC70438E2 /* AppSettings.swift in Sources */ = {isa = PBXBuildFile; fileRef = 4CD95A17ABAD0749C70E54B4 /* AppSettings.swift */; };
		6899E168AB7AC8D8E48F3BB7 /* NotificationManager.swift in Sources */ = {isa = PBXBuildFile; fileRef = 9BB7ED6B910B7B6C8BF5C00B /* NotificationManager.swift */; };
		6D3E32AD34B1BA1E072E1EB8 /* TrackView.swift in Sources */ = {isa = PBXBuildFile; fileRef = 708535070F40D85CA6D38FD3 /* TrackView.swift */; };
		6E738FDD84F8662A897C9194 /* Engine.swift in Sources */ = {isa = PBXBuildFile; fileRef = CCD247E3376716D3937A419D /* Engine.swift */; };
		6EFA0B6E1A4DFE1A52F2C3ED /* AppModel.swift in Sources */ = {isa = PBXBuildFile; fileRef = 35044D2F763F346CBB744FD7 /* AppModel.swift */; };
		7BDF316FA74C42A9208752BF /* Engine.swift in Sources */ = {isa = PBXBuildFile; fileRef = CCD247E3376716D3937A419D /* Engine.swift */; };
		7D67765E507F8B8D8524EE1C /* GeofenceManager.swift in Sources */ = {isa = PBXBuildFile; fileRef = E2B62181ABB7CBB8CBAD6CBB /* GeofenceManager.swift */; };
		891C8222346B4235C538E729 /* ClockedSmallWidget.swift in Sources */ = {isa = PBXBuildFile; fileRef = 7FE89E4F13F2978414A7109F /* ClockedSmallWidget.swift */; };
		89ACC02D7473379D353C48B2 /* WheelSetterTests.swift in Sources */ = {isa = PBXBuildFile; fileRef = 610CC01C4E3EEB8B38D84EBB /* WheelSetterTests.swift */; };
		8B3CFB9C7F1F88DA3877093A /* LiveActivityManager.swift in Sources */ = {isa = PBXBuildFile; fileRef = 94E33DB74CC35BA959D621A2 /* LiveActivityManager.swift */; };
		8D09EEE54357E35D9EB4242D /* TimeMath.swift in Sources */ = {isa = PBXBuildFile; fileRef = F065D751D8FFDD67BFFFBCC9 /* TimeMath.swift */; };
		8F44611775AAA13EE393CF09 /* LiveActivityManager.swift in Sources */ = {isa = PBXBuildFile; fileRef = 94E33DB74CC35BA959D621A2 /* LiveActivityManager.swift */; };
		9A1946FC50187FBE6DF7E16D /* SmokeTests.swift in Sources */ = {isa = PBXBuildFile; fileRef = F5D888325F6A5D9DF649561C /* SmokeTests.swift */; };
		A72C499CF921B4507C250F9D /* Assets.xcassets in Resources */ = {isa = PBXBuildFile; fileRef = B5C91A6E5C1D132E03A8C33F /* Assets.xcassets */; };
		B27E80D070DE2B1005408ADC /* SegmentMathTests.swift in Sources */ = {isa = PBXBuildFile; fileRef = FE778A20DB2261C6BBF84E31 /* SegmentMathTests.swift */; };
		B56FBF5806D85E39B3512018 /* CSVExportSheet.swift in Sources */ = {isa = PBXBuildFile; fileRef = 3CBE94C7D77BF8541485C962 /* CSVExportSheet.swift */; };
		BC7A0F738D6A847C087EB288 /* ReviewView.swift in Sources */ = {isa = PBXBuildFile; fileRef = 675E4B1EF50CC2CC3D1C3643 /* ReviewView.swift */; };
		BCD72EC3D53DCA2235AC881A /* ClockedIntents.swift in Sources */ = {isa = PBXBuildFile; fileRef = 608E475A850D4D5FEB3BB290 /* ClockedIntents.swift */; };
		C446FDA8D271695E8A1399F1 /* ClockedIntents.swift in Sources */ = {isa = PBXBuildFile; fileRef = 608E475A850D4D5FEB3BB290 /* ClockedIntents.swift */; };
		C72CF97B295885C33CCB52A6 /* TrackerStore.swift in Sources */ = {isa = PBXBuildFile; fileRef = B2EAD726C278E988D545DF21 /* TrackerStore.swift */; };
		C999EF6F37EB255F8953A5CA /* TimeMath.swift in Sources */ = {isa = PBXBuildFile; fileRef = F065D751D8FFDD67BFFFBCC9 /* TimeMath.swift */; };
		C9D7E6FE007A1AF20FAD1DE8 /* Models.swift in Sources */ = {isa = PBXBuildFile; fileRef = 8E495F9CE4B0987AAE3C59E9 /* Models.swift */; };
		D1109E26D6C61437CB9E408F /* AppSettings.swift in Sources */ = {isa = PBXBuildFile; fileRef = 4CD95A17ABAD0749C70E54B4 /* AppSettings.swift */; };
		D9A9D4C530D7C2EF393D155C /* EtaAndGoalTests.swift in Sources */ = {isa = PBXBuildFile; fileRef = 36976D6965E3D0986511EA10 /* EtaAndGoalTests.swift */; };
		DDD884E9F510AEDABE3A2718 /* Theme.swift in Sources */ = {isa = PBXBuildFile; fileRef = B814CBD2D5916A0EE7188618 /* Theme.swift */; };
		E36464921187DC336A601DF9 /* Formatters.swift in Sources */ = {isa = PBXBuildFile; fileRef = 7D3BDE637908135353289E5A /* Formatters.swift */; };
		F6ED5298BC6CB81C49A3337B /* Snapshot.swift in Sources */ = {isa = PBXBuildFile; fileRef = 0E52B70D325830AC0DF42230 /* Snapshot.swift */; };
		FC53A53ECF635F95608E8B8D /* EditAndEntryTests.swift in Sources */ = {isa = PBXBuildFile; fileRef = 9F3D697B877D803EF419E5DD /* EditAndEntryTests.swift */; };
/* End PBXBuildFile section */

/* Begin PBXContainerItemProxy section */
		4472A65FFAEE45DB43A19984 /* PBXContainerItemProxy */ = {
			isa = PBXContainerItemProxy;
			containerPortal = F2165B96105FE4CEA1BC4060 /* Project object */;
			proxyType = 1;
			remoteGlobalIDString = 6306FB575F50D13EE9DA3B3E;
			remoteInfo = ClockedWidgets;
		};
		CDA95F73CB275475A61F8A17 /* PBXContainerItemProxy */ = {
			isa = PBXContainerItemProxy;
			containerPortal = F2165B96105FE4CEA1BC4060 /* Project object */;
			proxyType = 1;
			remoteGlobalIDString = B5DF02EFB5B0A232260731C6;
			remoteInfo = Clocked;
		};
/* End PBXContainerItemProxy section */

/* Begin PBXCopyFilesBuildPhase section */
		9D7B4741D4081D7E1A3A3FEA /* Embed Foundation Extensions */ = {
			isa = PBXCopyFilesBuildPhase;
			buildActionMask = 2147483647;
			dstPath = "";
			dstSubfolderSpec = 13;
			files = (
				671BF447E565402523FFD0A9 /* ClockedWidgets.appex in Embed Foundation Extensions */,
			);
			name = "Embed Foundation Extensions";
			runOnlyForDeploymentPostprocessing = 0;
		};
/* End PBXCopyFilesBuildPhase section */

/* Begin PBXFileReference section */
		072EA5459B6C666FBC391DCE /* AddEntrySheet.swift */ = {isa = PBXFileReference; lastKnownFileType = sourcecode.swift; path = AddEntrySheet.swift; sourceTree = "<group>"; };
		07A2A75023920C8623E322A9 /* RootView.swift */ = {isa = PBXFileReference; lastKnownFileType = sourcecode.swift; path = RootView.swift; sourceTree = "<group>"; };
		0A8681EFFD06B766835019BF /* AuditRegressionTests.swift */ = {isa = PBXFileReference; lastKnownFileType = sourcecode.swift; path = AuditRegressionTests.swift; sourceTree = "<group>"; };
		0E52B70D325830AC0DF42230 /* Snapshot.swift */ = {isa = PBXFileReference; lastKnownFileType = sourcecode.swift; path = Snapshot.swift; sourceTree = "<group>"; };
		0FEFB4038CAE64001CBCD875 /* TestSupport.swift */ = {isa = PBXFileReference; lastKnownFileType = sourcecode.swift; path = TestSupport.swift; sourceTree = "<group>"; };
		15D4A0C2AB4BE93A2717DD20 /* ClockedActivityAttributes.swift */ = {isa = PBXFileReference; lastKnownFileType = sourcecode.swift; path = ClockedActivityAttributes.swift; sourceTree = "<group>"; };
		23D445F7AE6D802B7A830961 /* ClockedWidgets.appex */ = {isa = PBXFileReference; includeInIndex = 0; lastKnownFileType = "wrapper.app-extension"; path = ClockedWidgets.appex; sourceTree = BUILT_PRODUCTS_DIR; };
		35044D2F763F346CBB744FD7 /* AppModel.swift */ = {isa = PBXFileReference; lastKnownFileType = sourcecode.swift; path = AppModel.swift; sourceTree = "<group>"; };
		36976D6965E3D0986511EA10 /* EtaAndGoalTests.swift */ = {isa = PBXFileReference; lastKnownFileType = sourcecode.swift; path = EtaAndGoalTests.swift; sourceTree = "<group>"; };
		37B5EDA0F32E016DAD0C1100 /* Shortcuts.swift */ = {isa = PBXFileReference; lastKnownFileType = sourcecode.swift; path = Shortcuts.swift; sourceTree = "<group>"; };
		3CBE94C7D77BF8541485C962 /* CSVExportSheet.swift */ = {isa = PBXFileReference; lastKnownFileType = sourcecode.swift; path = CSVExportSheet.swift; sourceTree = "<group>"; };
		4CD95A17ABAD0749C70E54B4 /* AppSettings.swift */ = {isa = PBXFileReference; lastKnownFileType = sourcecode.swift; path = AppSettings.swift; sourceTree = "<group>"; };
		571035C40F465623487D3C79 /* AggregationTests.swift */ = {isa = PBXFileReference; lastKnownFileType = sourcecode.swift; path = AggregationTests.swift; sourceTree = "<group>"; };
		608E475A850D4D5FEB3BB290 /* ClockedIntents.swift */ = {isa = PBXFileReference; lastKnownFileType = sourcecode.swift; path = ClockedIntents.swift; sourceTree = "<group>"; };
		610CC01C4E3EEB8B38D84EBB /* WheelSetterTests.swift */ = {isa = PBXFileReference; lastKnownFileType = sourcecode.swift; path = WheelSetterTests.swift; sourceTree = "<group>"; };
		65A24EC66DC08B4BB72DE1AC /* Wheels.swift */ = {isa = PBXFileReference; lastKnownFileType = sourcecode.swift; path = Wheels.swift; sourceTree = "<group>"; };
		675E4B1EF50CC2CC3D1C3643 /* ReviewView.swift */ = {isa = PBXFileReference; lastKnownFileType = sourcecode.swift; path = ReviewView.swift; sourceTree = "<group>"; };
		69C7A1B81C373EFBA5D3F116 /* ClockedWidgetsBundle.swift */ = {isa = PBXFileReference; lastKnownFileType = sourcecode.swift; path = ClockedWidgetsBundle.swift; sourceTree = "<group>"; };
		6E361F8074E9431082DA4F0A /* ClockedTests.xctest */ = {isa = PBXFileReference; includeInIndex = 0; lastKnownFileType = wrapper.cfbundle; path = ClockedTests.xctest; sourceTree = BUILT_PRODUCTS_DIR; };
		708535070F40D85CA6D38FD3 /* TrackView.swift */ = {isa = PBXFileReference; lastKnownFileType = sourcecode.swift; path = TrackView.swift; sourceTree = "<group>"; };
		7D3BDE637908135353289E5A /* Formatters.swift */ = {isa = PBXFileReference; lastKnownFileType = sourcecode.swift; path = Formatters.swift; sourceTree = "<group>"; };
		7FE89E4F13F2978414A7109F /* ClockedSmallWidget.swift */ = {isa = PBXFileReference; lastKnownFileType = sourcecode.swift; path = ClockedSmallWidget.swift; sourceTree = "<group>"; };
		8A271D97D28521AFBEB3D595 /* GeoOutSheet.swift */ = {isa = PBXFileReference; lastKnownFileType = sourcecode.swift; path = GeoOutSheet.swift; sourceTree = "<group>"; };
		8D88516E125F76EA85D0D45E /* Info.plist */ = {isa = PBXFileReference; lastKnownFileType = text.plist; path = Info.plist; sourceTree = "<group>"; };
		8DF01654F3C0AA06BE75F04E /* Components.swift */ = {isa = PBXFileReference; lastKnownFileType = sourcecode.swift; path = Components.swift; sourceTree = "<group>"; };
		8E495F9CE4B0987AAE3C59E9 /* Models.swift */ = {isa = PBXFileReference; lastKnownFileType = sourcecode.swift; path = Models.swift; sourceTree = "<group>"; };
		9348516A70577B89B9414E91 /* Clocked.app */ = {isa = PBXFileReference; includeInIndex = 0; lastKnownFileType = wrapper.application; path = Clocked.app; sourceTree = BUILT_PRODUCTS_DIR; };
		94E33DB74CC35BA959D621A2 /* LiveActivityManager.swift */ = {isa = PBXFileReference; lastKnownFileType = sourcecode.swift; path = LiveActivityManager.swift; sourceTree = "<group>"; };
		9BB7ED6B910B7B6C8BF5C00B /* NotificationManager.swift */ = {isa = PBXFileReference; lastKnownFileType = sourcecode.swift; path = NotificationManager.swift; sourceTree = "<group>"; };
		9F3D697B877D803EF419E5DD /* EditAndEntryTests.swift */ = {isa = PBXFileReference; lastKnownFileType = sourcecode.swift; path = EditAndEntryTests.swift; sourceTree = "<group>"; };
		A48D292523ED96DCEF70A40E /* StoreTests.swift */ = {isa = PBXFileReference; lastKnownFileType = sourcecode.swift; path = StoreTests.swift; sourceTree = "<group>"; };
		A839A437588A90DFFCBEB994 /* ClockedLiveActivity.swift */ = {isa = PBXFileReference; lastKnownFileType = sourcecode.swift; path = ClockedLiveActivity.swift; sourceTree = "<group>"; };
		B2EAD726C278E988D545DF21 /* TrackerStore.swift */ = {isa = PBXFileReference; lastKnownFileType = sourcecode.swift; path = TrackerStore.swift; sourceTree = "<group>"; };
		B50418F3A2D4D16B4614BAA0 /* StatsSuggestionTests.swift */ = {isa = PBXFileReference; lastKnownFileType = sourcecode.swift; path = StatsSuggestionTests.swift; sourceTree = "<group>"; };
		B5C91A6E5C1D132E03A8C33F /* Assets.xcassets */ = {isa = PBXFileReference; lastKnownFileType = folder.assetcatalog; path = Assets.xcassets; sourceTree = "<group>"; };
		B814CBD2D5916A0EE7188618 /* Theme.swift */ = {isa = PBXFileReference; lastKnownFileType = sourcecode.swift; path = Theme.swift; sourceTree = "<group>"; };
		C8CAC93527792900045D9C34 /* Clocked.entitlements */ = {isa = PBXFileReference; lastKnownFileType = text.plist.entitlements; path = Clocked.entitlements; sourceTree = "<group>"; };
		CCD247E3376716D3937A419D /* Engine.swift */ = {isa = PBXFileReference; lastKnownFileType = sourcecode.swift; path = Engine.swift; sourceTree = "<group>"; };
		CD7F2F3F7164FEEAC69132A4 /* CSVTests.swift */ = {isa = PBXFileReference; lastKnownFileType = sourcecode.swift; path = CSVTests.swift; sourceTree = "<group>"; };
		D144D6562E6C839A631F6E3A /* DayDetailSheet.swift */ = {isa = PBXFileReference; lastKnownFileType = sourcecode.swift; path = DayDetailSheet.swift; sourceTree = "<group>"; };
		D498BDD49005CFAF3A67C601 /* SettingsView.swift */ = {isa = PBXFileReference; lastKnownFileType = sourcecode.swift; path = SettingsView.swift; sourceTree = "<group>"; };
		DF2241793714B842EB85803D /* ClockedApp.swift */ = {isa = PBXFileReference; lastKnownFileType = sourcecode.swift; path = ClockedApp.swift; sourceTree = "<group>"; };
		E2B62181ABB7CBB8CBAD6CBB /* GeofenceManager.swift */ = {isa = PBXFileReference; lastKnownFileType = sourcecode.swift; path = GeofenceManager.swift; sourceTree = "<group>"; };
		E84D7A64770DEF9C7CA3D390 /* Info.plist */ = {isa = PBXFileReference; lastKnownFileType = text.plist; path = Info.plist; sourceTree = "<group>"; };
		F065D751D8FFDD67BFFFBCC9 /* TimeMath.swift */ = {isa = PBXFileReference; lastKnownFileType = sourcecode.swift; path = TimeMath.swift; sourceTree = "<group>"; };
		F1B227015C7178BC00A5D9B2 /* ClockedWidgets.entitlements */ = {isa = PBXFileReference; lastKnownFileType = text.plist.entitlements; path = ClockedWidgets.entitlements; sourceTree = "<group>"; };
		F5D888325F6A5D9DF649561C /* SmokeTests.swift */ = {isa = PBXFileReference; lastKnownFileType = sourcecode.swift; path = SmokeTests.swift; sourceTree = "<group>"; };
		FE778A20DB2261C6BBF84E31 /* SegmentMathTests.swift */ = {isa = PBXFileReference; lastKnownFileType = sourcecode.swift; path = SegmentMathTests.swift; sourceTree = "<group>"; };
/* End PBXFileReference section */

/* Begin PBXGroup section */
		0421A0467A6EB5DD4F59988A /* ClockedTests */ = {
			isa = PBXGroup;
			children = (
				571035C40F465623487D3C79 /* AggregationTests.swift */,
				0A8681EFFD06B766835019BF /* AuditRegressionTests.swift */,
				CD7F2F3F7164FEEAC69132A4 /* CSVTests.swift */,
				9F3D697B877D803EF419E5DD /* EditAndEntryTests.swift */,
				36976D6965E3D0986511EA10 /* EtaAndGoalTests.swift */,
				FE778A20DB2261C6BBF84E31 /* SegmentMathTests.swift */,
				F5D888325F6A5D9DF649561C /* SmokeTests.swift */,
				B50418F3A2D4D16B4614BAA0 /* StatsSuggestionTests.swift */,
				A48D292523ED96DCEF70A40E /* StoreTests.swift */,
				0FEFB4038CAE64001CBCD875 /* TestSupport.swift */,
				610CC01C4E3EEB8B38D84EBB /* WheelSetterTests.swift */,
			);
			path = ClockedTests;
			sourceTree = "<group>";
		};
		164746343F9409C6D9A6C698 /* Products */ = {
			isa = PBXGroup;
			children = (
				9348516A70577B89B9414E91 /* Clocked.app */,
				6E361F8074E9431082DA4F0A /* ClockedTests.xctest */,
				23D445F7AE6D802B7A830961 /* ClockedWidgets.appex */,
			);
			name = Products;
			sourceTree = "<group>";
		};
		59431C5EF62486887CB4253B /* Clocked */ = {
			isa = PBXGroup;
			children = (
				35044D2F763F346CBB744FD7 /* AppModel.swift */,
				B5C91A6E5C1D132E03A8C33F /* Assets.xcassets */,
				C8CAC93527792900045D9C34 /* Clocked.entitlements */,
				DF2241793714B842EB85803D /* ClockedApp.swift */,
				8D88516E125F76EA85D0D45E /* Info.plist */,
				37B5EDA0F32E016DAD0C1100 /* Shortcuts.swift */,
				7016592EE153C3AA445D19FF /* Geofence */,
				CD21AE7D0C803FE5FEBBAC60 /* Views */,
			);
			path = Clocked;
			sourceTree = "<group>";
		};
		7016592EE153C3AA445D19FF /* Geofence */ = {
			isa = PBXGroup;
			children = (
				E2B62181ABB7CBB8CBAD6CBB /* GeofenceManager.swift */,
				9BB7ED6B910B7B6C8BF5C00B /* NotificationManager.swift */,
			);
			path = Geofence;
			sourceTree = "<group>";
		};
		872DBB8303020F623DD36727 /* Shared */ = {
			isa = PBXGroup;
			children = (
				4CD95A17ABAD0749C70E54B4 /* AppSettings.swift */,
				15D4A0C2AB4BE93A2717DD20 /* ClockedActivityAttributes.swift */,
				608E475A850D4D5FEB3BB290 /* ClockedIntents.swift */,
				CCD247E3376716D3937A419D /* Engine.swift */,
				7D3BDE637908135353289E5A /* Formatters.swift */,
				94E33DB74CC35BA959D621A2 /* LiveActivityManager.swift */,
				8E495F9CE4B0987AAE3C59E9 /* Models.swift */,
				0E52B70D325830AC0DF42230 /* Snapshot.swift */,
				B814CBD2D5916A0EE7188618 /* Theme.swift */,
				F065D751D8FFDD67BFFFBCC9 /* TimeMath.swift */,
				B2EAD726C278E988D545DF21 /* TrackerStore.swift */,
			);
			path = Shared;
			sourceTree = "<group>";
		};
		CD21AE7D0C803FE5FEBBAC60 /* Views */ = {
			isa = PBXGroup;
			children = (
				072EA5459B6C666FBC391DCE /* AddEntrySheet.swift */,
				8DF01654F3C0AA06BE75F04E /* Components.swift */,
				3CBE94C7D77BF8541485C962 /* CSVExportSheet.swift */,
				D144D6562E6C839A631F6E3A /* DayDetailSheet.swift */,
				8A271D97D28521AFBEB3D595 /* GeoOutSheet.swift */,
				675E4B1EF50CC2CC3D1C3643 /* ReviewView.swift */,
				07A2A75023920C8623E322A9 /* RootView.swift */,
				D498BDD49005CFAF3A67C601 /* SettingsView.swift */,
				708535070F40D85CA6D38FD3 /* TrackView.swift */,
				65A24EC66DC08B4BB72DE1AC /* Wheels.swift */,
			);
			path = Views;
			sourceTree = "<group>";
		};
		CE4442C424F1E78235BDF340 /* ClockedWidgets */ = {
			isa = PBXGroup;
			children = (
				A839A437588A90DFFCBEB994 /* ClockedLiveActivity.swift */,
				7FE89E4F13F2978414A7109F /* ClockedSmallWidget.swift */,
				F1B227015C7178BC00A5D9B2 /* ClockedWidgets.entitlements */,
				69C7A1B81C373EFBA5D3F116 /* ClockedWidgetsBundle.swift */,
				E84D7A64770DEF9C7CA3D390 /* Info.plist */,
			);
			path = ClockedWidgets;
			sourceTree = "<group>";
		};
		EA1EE5C3181589EE8E60963E = {
			isa = PBXGroup;
			children = (
				59431C5EF62486887CB4253B /* Clocked */,
				0421A0467A6EB5DD4F59988A /* ClockedTests */,
				CE4442C424F1E78235BDF340 /* ClockedWidgets */,
				872DBB8303020F623DD36727 /* Shared */,
				164746343F9409C6D9A6C698 /* Products */,
			);
			sourceTree = "<group>";
		};
/* End PBXGroup section */

/* Begin PBXNativeTarget section */
		39C1B298038671FC594CF8BC /* ClockedTests */ = {
			isa = PBXNativeTarget;
			buildConfigurationList = 96E975483363FB190953BFD3 /* Build configuration list for PBXNativeTarget "ClockedTests" */;
			buildPhases = (
				ECDCAC3A89CF954E466B0A75 /* Sources */,
			);
			buildRules = (
			);
			dependencies = (
				1347153959B41F56F4FE8161 /* PBXTargetDependency */,
			);
			name = ClockedTests;
			packageProductDependencies = (
			);
			productName = ClockedTests;
			productReference = 6E361F8074E9431082DA4F0A /* ClockedTests.xctest */;
			productType = "com.apple.product-type.bundle.unit-test";
		};
		6306FB575F50D13EE9DA3B3E /* ClockedWidgets */ = {
			isa = PBXNativeTarget;
			buildConfigurationList = 824638D82F2F8E811F381A17 /* Build configuration list for PBXNativeTarget "ClockedWidgets" */;
			buildPhases = (
				AD71BB1C312C0D33F1FFC42C /* Sources */,
			);
			buildRules = (
			);
			dependencies = (
			);
			name = ClockedWidgets;
			packageProductDependencies = (
			);
			productName = ClockedWidgets;
			productReference = 23D445F7AE6D802B7A830961 /* ClockedWidgets.appex */;
			productType = "com.apple.product-type.app-extension";
		};
		B5DF02EFB5B0A232260731C6 /* Clocked */ = {
			isa = PBXNativeTarget;
			buildConfigurationList = A804E9F22BAA20BB9205EEA2 /* Build configuration list for PBXNativeTarget "Clocked" */;
			buildPhases = (
				22BEDCA3F35358DD724DD9B1 /* Sources */,
				727E7D57D9912BE2E3EFE3A2 /* Resources */,
				9D7B4741D4081D7E1A3A3FEA /* Embed Foundation Extensions */,
			);
			buildRules = (
			);
			dependencies = (
				9A6F4A1D499131BABCA942EC /* PBXTargetDependency */,
			);
			name = Clocked;
			packageProductDependencies = (
			);
			productName = Clocked;
			productReference = 9348516A70577B89B9414E91 /* Clocked.app */;
			productType = "com.apple.product-type.application";
		};
/* End PBXNativeTarget section */

/* Begin PBXProject section */
		F2165B96105FE4CEA1BC4060 /* Project object */ = {
			isa = PBXProject;
			attributes = {
				BuildIndependentTargetsInParallel = YES;
				LastUpgradeCheck = 1430;
				TargetAttributes = {
					39C1B298038671FC594CF8BC = {
						DevelopmentTeam = 9A74XF5B5H;
					};
					6306FB575F50D13EE9DA3B3E = {
						DevelopmentTeam = 9A74XF5B5H;
					};
					B5DF02EFB5B0A232260731C6 = {
						DevelopmentTeam = 9A74XF5B5H;
					};
				};
			};
			buildConfigurationList = 4A7B7EA066E24F63977F6F11 /* Build configuration list for PBXProject "Clocked" */;
			developmentRegion = en;
			hasScannedForEncodings = 0;
			knownRegions = (
				Base,
				en,
			);
			mainGroup = EA1EE5C3181589EE8E60963E;
			minimizedProjectReferenceProxies = 1;
			preferredProjectObjectVersion = 77;
			productRefGroup = 164746343F9409C6D9A6C698 /* Products */;
			projectDirPath = "";
			projectRoot = "";
			targets = (
				B5DF02EFB5B0A232260731C6 /* Clocked */,
				39C1B298038671FC594CF8BC /* ClockedTests */,
				6306FB575F50D13EE9DA3B3E /* ClockedWidgets */,
			);
		};
/* End PBXProject section */

/* Begin PBXResourcesBuildPhase section */
		727E7D57D9912BE2E3EFE3A2 /* Resources */ = {
			isa = PBXResourcesBuildPhase;
			buildActionMask = 2147483647;
			files = (
				A72C499CF921B4507C250F9D /* Assets.xcassets in Resources */,
			);
			runOnlyForDeploymentPostprocessing = 0;
		};
/* End PBXResourcesBuildPhase section */

/* Begin PBXSourcesBuildPhase section */
		22BEDCA3F35358DD724DD9B1 /* Sources */ = {
			isa = PBXSourcesBuildPhase;
			buildActionMask = 2147483647;
			files = (
				0B667B4B9EE1DDAA2A5E9AB2 /* AddEntrySheet.swift in Sources */,
				6EFA0B6E1A4DFE1A52F2C3ED /* AppModel.swift in Sources */,
				D1109E26D6C61437CB9E408F /* AppSettings.swift in Sources */,
				B56FBF5806D85E39B3512018 /* CSVExportSheet.swift in Sources */,
				20D9B4ECF19C7F850B057771 /* ClockedActivityAttributes.swift in Sources */,
				384B0BCF2EFCC0F85E6891F9 /* ClockedApp.swift in Sources */,
				BCD72EC3D53DCA2235AC881A /* ClockedIntents.swift in Sources */,
				44527362B9CA8CA9CDC88B51 /* Components.swift in Sources */,
				0EFA6D048D5ED0A770A4C71A /* DayDetailSheet.swift in Sources */,
				6E738FDD84F8662A897C9194 /* Engine.swift in Sources */,
				3DE416A87FCDC224BC982F60 /* Formatters.swift in Sources */,
				27EA69B5E9A7B96FE4CF6660 /* GeoOutSheet.swift in Sources */,
				7D67765E507F8B8D8524EE1C /* GeofenceManager.swift in Sources */,
				8B3CFB9C7F1F88DA3877093A /* LiveActivityManager.swift in Sources */,
				2BB8BB73511D455AA171CE38 /* Models.swift in Sources */,
				6899E168AB7AC8D8E48F3BB7 /* NotificationManager.swift in Sources */,
				BC7A0F738D6A847C087EB288 /* ReviewView.swift in Sources */,
				30B84F797992B659C72F583D /* RootView.swift in Sources */,
				3D8FE526755E28D0B450F274 /* SettingsView.swift in Sources */,
				2DB805EC0C772B39348EF530 /* Shortcuts.swift in Sources */,
				3748BD29FDBD2BD7EBF3F642 /* Snapshot.swift in Sources */,
				DDD884E9F510AEDABE3A2718 /* Theme.swift in Sources */,
				8D09EEE54357E35D9EB4242D /* TimeMath.swift in Sources */,
				6D3E32AD34B1BA1E072E1EB8 /* TrackView.swift in Sources */,
				4623E7325F54116AC9D4BD9F /* TrackerStore.swift in Sources */,
				4E13B2DFD3F7ED5B8FE1225B /* Wheels.swift in Sources */,
			);
			runOnlyForDeploymentPostprocessing = 0;
		};
		AD71BB1C312C0D33F1FFC42C /* Sources */ = {
			isa = PBXSourcesBuildPhase;
			buildActionMask = 2147483647;
			files = (
				675C0B089A30F56DC70438E2 /* AppSettings.swift in Sources */,
				4F41242347C72C17C4076FED /* ClockedActivityAttributes.swift in Sources */,
				C446FDA8D271695E8A1399F1 /* ClockedIntents.swift in Sources */,
				49B0F21F50661CFEED096DB2 /* ClockedLiveActivity.swift in Sources */,
				891C8222346B4235C538E729 /* ClockedSmallWidget.swift in Sources */,
				5F938AE908BDA3BC17023E03 /* ClockedWidgetsBundle.swift in Sources */,
				7BDF316FA74C42A9208752BF /* Engine.swift in Sources */,
				E36464921187DC336A601DF9 /* Formatters.swift in Sources */,
				8F44611775AAA13EE393CF09 /* LiveActivityManager.swift in Sources */,
				C9D7E6FE007A1AF20FAD1DE8 /* Models.swift in Sources */,
				F6ED5298BC6CB81C49A3337B /* Snapshot.swift in Sources */,
				2495BE563BDE696F78029B9E /* Theme.swift in Sources */,
				C999EF6F37EB255F8953A5CA /* TimeMath.swift in Sources */,
				C72CF97B295885C33CCB52A6 /* TrackerStore.swift in Sources */,
			);
			runOnlyForDeploymentPostprocessing = 0;
		};
		ECDCAC3A89CF954E466B0A75 /* Sources */ = {
			isa = PBXSourcesBuildPhase;
			buildActionMask = 2147483647;
			files = (
				5F35BAA2C515FC17E467EAD3 /* AggregationTests.swift in Sources */,
				3F6B8DCC932F70A37F183256 /* AuditRegressionTests.swift in Sources */,
				48B7246935C4C1D9E1124888 /* CSVTests.swift in Sources */,
				FC53A53ECF635F95608E8B8D /* EditAndEntryTests.swift in Sources */,
				D9A9D4C530D7C2EF393D155C /* EtaAndGoalTests.swift in Sources */,
				B27E80D070DE2B1005408ADC /* SegmentMathTests.swift in Sources */,
				9A1946FC50187FBE6DF7E16D /* SmokeTests.swift in Sources */,
				5BFB8FEDC7E75537FA24E6A1 /* StatsSuggestionTests.swift in Sources */,
				3A696B32B2424965236431C9 /* StoreTests.swift in Sources */,
				66A6760EF58ADB9267FD2FAD /* TestSupport.swift in Sources */,
				89ACC02D7473379D353C48B2 /* WheelSetterTests.swift in Sources */,
			);
			runOnlyForDeploymentPostprocessing = 0;
		};
/* End PBXSourcesBuildPhase section */

/* Begin PBXTargetDependency section */
		1347153959B41F56F4FE8161 /* PBXTargetDependency */ = {
			isa = PBXTargetDependency;
			target = B5DF02EFB5B0A232260731C6 /* Clocked */;
			targetProxy = CDA95F73CB275475A61F8A17 /* PBXContainerItemProxy */;
		};
		9A6F4A1D499131BABCA942EC /* PBXTargetDependency */ = {
			isa = PBXTargetDependency;
			target = 6306FB575F50D13EE9DA3B3E /* ClockedWidgets */;
			targetProxy = 4472A65FFAEE45DB43A19984 /* PBXContainerItemProxy */;
		};
/* End PBXTargetDependency section */

/* Begin XCBuildConfiguration section */
		2F4B6A0294D2DFEA9FF0FB8B /* Debug */ = {
			isa = XCBuildConfiguration;
			buildSettings = {
				ALWAYS_SEARCH_USER_PATHS = NO;
				CLANG_ANALYZER_NONNULL = YES;
				CLANG_ANALYZER_NUMBER_OBJECT_CONVERSION = YES_AGGRESSIVE;
				CLANG_CXX_LANGUAGE_STANDARD = "gnu++14";
				CLANG_CXX_LIBRARY = "libc++";
				CLANG_ENABLE_MODULES = YES;
				CLANG_ENABLE_OBJC_ARC = YES;
				CLANG_ENABLE_OBJC_WEAK = YES;
				CLANG_WARN_BLOCK_CAPTURE_AUTORELEASING = YES;
				CLANG_WARN_BOOL_CONVERSION = YES;
				CLANG_WARN_COMMA = YES;
				CLANG_WARN_CONSTANT_CONVERSION = YES;
				CLANG_WARN_DEPRECATED_OBJC_IMPLEMENTATIONS = YES;
				CLANG_WARN_DIRECT_OBJC_ISA_USAGE = YES_ERROR;
				CLANG_WARN_DOCUMENTATION_COMMENTS = YES;
				CLANG_WARN_EMPTY_BODY = YES;
				CLANG_WARN_ENUM_CONVERSION = YES;
				CLANG_WARN_INFINITE_RECURSION = YES;
				CLANG_WARN_INT_CONVERSION = YES;
				CLANG_WARN_NON_LITERAL_NULL_CONVERSION = YES;
				CLANG_WARN_OBJC_IMPLICIT_RETAIN_SELF = YES;
				CLANG_WARN_OBJC_LITERAL_CONVERSION = YES;
				CLANG_WARN_OBJC_ROOT_CLASS = YES_ERROR;
				CLANG_WARN_QUOTED_INCLUDE_IN_FRAMEWORK_HEADER = YES;
				CLANG_WARN_RANGE_LOOP_ANALYSIS = YES;
				CLANG_WARN_STRICT_PROTOTYPES = YES;
				CLANG_WARN_SUSPICIOUS_MOVE = YES;
				CLANG_WARN_UNGUARDED_AVAILABILITY = YES_AGGRESSIVE;
				CLANG_WARN_UNREACHABLE_CODE = YES;
				CLANG_WARN__DUPLICATE_METHOD_MATCH = YES;
				COPY_PHASE_STRIP = NO;
				CURRENT_PROJECT_VERSION = 1;
				DEBUG_INFORMATION_FORMAT = dwarf;
				DEVELOPMENT_TEAM = 9A74XF5B5H;
				ENABLE_STRICT_OBJC_MSGSEND = YES;
				ENABLE_TESTABILITY = YES;
				ENABLE_USER_SCRIPT_SANDBOXING = YES;
				GCC_C_LANGUAGE_STANDARD = gnu11;
				GCC_DYNAMIC_NO_PIC = NO;
				GCC_NO_COMMON_BLOCKS = YES;
				GCC_OPTIMIZATION_LEVEL = 0;
				GCC_PREPROCESSOR_DEFINITIONS = (
					"$(inherited)",
					"DEBUG=1",
				);
				GCC_WARN_64_TO_32_BIT_CONVERSION = YES;
				GCC_WARN_ABOUT_RETURN_TYPE = YES_ERROR;
				GCC_WARN_UNDECLARED_SELECTOR = YES;
				GCC_WARN_UNINITIALIZED_AUTOS = YES_AGGRESSIVE;
				GCC_WARN_UNUSED_FUNCTION = YES;
				GCC_WARN_UNUSED_VARIABLE = YES;
				IPHONEOS_DEPLOYMENT_TARGET = 17.0;
				MARKETING_VERSION = 1.0;
				MTL_ENABLE_DEBUG_INFO = INCLUDE_SOURCE;
				MTL_FAST_MATH = YES;
				ONLY_ACTIVE_ARCH = YES;
				PRODUCT_NAME = "$(TARGET_NAME)";
				SDKROOT = iphoneos;
				SWIFT_ACTIVE_COMPILATION_CONDITIONS = DEBUG;
				SWIFT_OPTIMIZATION_LEVEL = "-Onone";
				SWIFT_VERSION = 5.0;
				TARGETED_DEVICE_FAMILY = 1;
			};
			name = Debug;
		};
		5ECC29BF66B26F4DBB6744D9 /* Release */ = {
			isa = XCBuildConfiguration;
			buildSettings = {
				ALWAYS_SEARCH_USER_PATHS = NO;
				CLANG_ANALYZER_NONNULL = YES;
				CLANG_ANALYZER_NUMBER_OBJECT_CONVERSION = YES_AGGRESSIVE;
				CLANG_CXX_LANGUAGE_STANDARD = "gnu++14";
				CLANG_CXX_LIBRARY = "libc++";
				CLANG_ENABLE_MODULES = YES;
				CLANG_ENABLE_OBJC_ARC = YES;
				CLANG_ENABLE_OBJC_WEAK = YES;
				CLANG_WARN_BLOCK_CAPTURE_AUTORELEASING = YES;
				CLANG_WARN_BOOL_CONVERSION = YES;
				CLANG_WARN_COMMA = YES;
				CLANG_WARN_CONSTANT_CONVERSION = YES;
				CLANG_WARN_DEPRECATED_OBJC_IMPLEMENTATIONS = YES;
				CLANG_WARN_DIRECT_OBJC_ISA_USAGE = YES_ERROR;
				CLANG_WARN_DOCUMENTATION_COMMENTS = YES;
				CLANG_WARN_EMPTY_BODY = YES;
				CLANG_WARN_ENUM_CONVERSION = YES;
				CLANG_WARN_INFINITE_RECURSION = YES;
				CLANG_WARN_INT_CONVERSION = YES;
				CLANG_WARN_NON_LITERAL_NULL_CONVERSION = YES;
				CLANG_WARN_OBJC_IMPLICIT_RETAIN_SELF = YES;
				CLANG_WARN_OBJC_LITERAL_CONVERSION = YES;
				CLANG_WARN_OBJC_ROOT_CLASS = YES_ERROR;
				CLANG_WARN_QUOTED_INCLUDE_IN_FRAMEWORK_HEADER = YES;
				CLANG_WARN_RANGE_LOOP_ANALYSIS = YES;
				CLANG_WARN_STRICT_PROTOTYPES = YES;
				CLANG_WARN_SUSPICIOUS_MOVE = YES;
				CLANG_WARN_UNGUARDED_AVAILABILITY = YES_AGGRESSIVE;
				CLANG_WARN_UNREACHABLE_CODE = YES;
				CLANG_WARN__DUPLICATE_METHOD_MATCH = YES;
				COPY_PHASE_STRIP = NO;
				CURRENT_PROJECT_VERSION = 1;
				DEBUG_INFORMATION_FORMAT = "dwarf-with-dsym";
				DEVELOPMENT_TEAM = 9A74XF5B5H;
				ENABLE_NS_ASSERTIONS = NO;
				ENABLE_STRICT_OBJC_MSGSEND = YES;
				ENABLE_USER_SCRIPT_SANDBOXING = YES;
				GCC_C_LANGUAGE_STANDARD = gnu11;
				GCC_NO_COMMON_BLOCKS = YES;
				GCC_WARN_64_TO_32_BIT_CONVERSION = YES;
				GCC_WARN_ABOUT_RETURN_TYPE = YES_ERROR;
				GCC_WARN_UNDECLARED_SELECTOR = YES;
				GCC_WARN_UNINITIALIZED_AUTOS = YES_AGGRESSIVE;
				GCC_WARN_UNUSED_FUNCTION = YES;
				GCC_WARN_UNUSED_VARIABLE = YES;
				IPHONEOS_DEPLOYMENT_TARGET = 17.0;
				MARKETING_VERSION = 1.0;
				MTL_ENABLE_DEBUG_INFO = NO;
				MTL_FAST_MATH = YES;
				PRODUCT_NAME = "$(TARGET_NAME)";
				SDKROOT = iphoneos;
				SWIFT_COMPILATION_MODE = wholemodule;
				SWIFT_OPTIMIZATION_LEVEL = "-O";
				SWIFT_VERSION = 5.0;
				TARGETED_DEVICE_FAMILY = 1;
			};
			name = Release;
		};
		6719BAEFFB5A79754E679AD7 /* Release */ = {
			isa = XCBuildConfiguration;
			buildSettings = {
				CODE_SIGN_ENTITLEMENTS = ClockedWidgets/ClockedWidgets.entitlements;
				INFOPLIST_FILE = ClockedWidgets/Info.plist;
				LD_RUNPATH_SEARCH_PATHS = (
					"$(inherited)",
					"@executable_path/Frameworks",
					"@executable_path/../../Frameworks",
				);
				PRODUCT_BUNDLE_IDENTIFIER = com.osluv.clocked.widgets;
				SDKROOT = iphoneos;
				TARGETED_DEVICE_FAMILY = "1,2";
			};
			name = Release;
		};
		822F6726147BCA87F83C6CE9 /* Debug */ = {
			isa = XCBuildConfiguration;
			buildSettings = {
				BUNDLE_LOADER = "$(TEST_HOST)";
				GENERATE_INFOPLIST_FILE = YES;
				LD_RUNPATH_SEARCH_PATHS = (
					"$(inherited)",
					"@executable_path/Frameworks",
					"@loader_path/Frameworks",
				);
				PRODUCT_BUNDLE_IDENTIFIER = com.osluv.ClockedTests;
				SDKROOT = iphoneos;
				TARGETED_DEVICE_FAMILY = "1,2";
				TEST_HOST = "$(BUILT_PRODUCTS_DIR)/Clocked.app/Clocked";
			};
			name = Debug;
		};
		92E18D290474BAE8A1040A14 /* Release */ = {
			isa = XCBuildConfiguration;
			buildSettings = {
				ASSETCATALOG_COMPILER_APPICON_NAME = AppIcon;
				CODE_SIGN_ENTITLEMENTS = Clocked/Clocked.entitlements;
				CODE_SIGN_IDENTITY = "iPhone Developer";
				INFOPLIST_FILE = Clocked/Info.plist;
				INFOPLIST_KEY_UISupportedInterfaceOrientations = UIInterfaceOrientationPortrait;
				LD_RUNPATH_SEARCH_PATHS = (
					"$(inherited)",
					"@executable_path/Frameworks",
				);
				PRODUCT_BUNDLE_IDENTIFIER = com.osluv.clocked;
				SDKROOT = iphoneos;
				TARGETED_DEVICE_FAMILY = "1,2";
			};
			name = Release;
		};
		95D93FE6BE8A058D391AE2F5 /* Release */ = {
			isa = XCBuildConfiguration;
			buildSettings = {
				BUNDLE_LOADER = "$(TEST_HOST)";
				GENERATE_INFOPLIST_FILE = YES;
				LD_RUNPATH_SEARCH_PATHS = (
					"$(inherited)",
					"@executable_path/Frameworks",
					"@loader_path/Frameworks",
				);
				PRODUCT_BUNDLE_IDENTIFIER = com.osluv.ClockedTests;
				SDKROOT = iphoneos;
				TARGETED_DEVICE_FAMILY = "1,2";
				TEST_HOST = "$(BUILT_PRODUCTS_DIR)/Clocked.app/Clocked";
			};
			name = Release;
		};
		CEF84ADA601B6EA6A5389708 /* Debug */ = {
			isa = XCBuildConfiguration;
			buildSettings = {
				CODE_SIGN_ENTITLEMENTS = ClockedWidgets/ClockedWidgets.entitlements;
				INFOPLIST_FILE = ClockedWidgets/Info.plist;
				LD_RUNPATH_SEARCH_PATHS = (
					"$(inherited)",
					"@executable_path/Frameworks",
					"@executable_path/../../Frameworks",
				);
				PRODUCT_BUNDLE_IDENTIFIER = com.osluv.clocked.widgets;
				SDKROOT = iphoneos;
				TARGETED_DEVICE_FAMILY = "1,2";
			};
			name = Debug;
		};
		EF6F398FD7AAF58641183B80 /* Debug */ = {
			isa = XCBuildConfiguration;
			buildSettings = {
				ASSETCATALOG_COMPILER_APPICON_NAME = AppIcon;
				CODE_SIGN_ENTITLEMENTS = Clocked/Clocked.entitlements;
				CODE_SIGN_IDENTITY = "iPhone Developer";
				INFOPLIST_FILE = Clocked/Info.plist;
				INFOPLIST_KEY_UISupportedInterfaceOrientations = UIInterfaceOrientationPortrait;
				LD_RUNPATH_SEARCH_PATHS = (
					"$(inherited)",
					"@executable_path/Frameworks",
				);
				PRODUCT_BUNDLE_IDENTIFIER = com.osluv.clocked;
				SDKROOT = iphoneos;
				TARGETED_DEVICE_FAMILY = "1,2";
			};
			name = Debug;
		};
/* End XCBuildConfiguration section */

/* Begin XCConfigurationList section */
		4A7B7EA066E24F63977F6F11 /* Build configuration list for PBXProject "Clocked" */ = {
			isa = XCConfigurationList;
			buildConfigurations = (
				2F4B6A0294D2DFEA9FF0FB8B /* Debug */,
				5ECC29BF66B26F4DBB6744D9 /* Release */,
			);
			defaultConfigurationIsVisible = 0;
			defaultConfigurationName = Debug;
		};
		824638D82F2F8E811F381A17 /* Build configuration list for PBXNativeTarget "ClockedWidgets" */ = {
			isa = XCConfigurationList;
			buildConfigurations = (
				CEF84ADA601B6EA6A5389708 /* Debug */,
				6719BAEFFB5A79754E679AD7 /* Release */,
			);
			defaultConfigurationIsVisible = 0;
			defaultConfigurationName = Debug;
		};
		96E975483363FB190953BFD3 /* Build configuration list for PBXNativeTarget "ClockedTests" */ = {
			isa = XCConfigurationList;
			buildConfigurations = (
				822F6726147BCA87F83C6CE9 /* Debug */,
				95D93FE6BE8A058D391AE2F5 /* Release */,
			);
			defaultConfigurationIsVisible = 0;
			defaultConfigurationName = Debug;
		};
		A804E9F22BAA20BB9205EEA2 /* Build configuration list for PBXNativeTarget "Clocked" */ = {
			isa = XCConfigurationList;
			buildConfigurations = (
				EF6F398FD7AAF58641183B80 /* Debug */,
				92E18D290474BAE8A1040A14 /* Release */,
			);
			defaultConfigurationIsVisible = 0;
			defaultConfigurationName = Debug;
		};
/* End XCConfigurationList section */
	};
	rootObject = F2165B96105FE4CEA1BC4060 /* Project object */;
}
