// !$*UTF8*$!
{
	archiveVersion = 1;
	classes = {
	};
	objectVersion = 77;
	objects = {

/* Begin PBXBuildFile section */
		08AAF19B6F8C7B3393EF1E88 /* AppSettings.swift in Sources */ = {isa = PBXBuildFile; fileRef = E9461CDE4FE64BEEE3B49FBD /* AppSettings.swift */; };
		0A949DB49FF4EC80EE643C85 /* Formatters.swift in Sources */ = {isa = PBXBuildFile; fileRef = 12D1B02F638499C9009E92B5 /* Formatters.swift */; };
		11898497C766B5E82A58B67A /* Engine.swift in Sources */ = {isa = PBXBuildFile; fileRef = 59F8FD09BA6C78E3E1E3B30B /* Engine.swift */; };
		1A6BBACED5B142F6E852D8A2 /* HoursApp.swift in Sources */ = {isa = PBXBuildFile; fileRef = 023A351A78C12C993AE83D60 /* HoursApp.swift */; };
		1EA71F7F2B276E1CE4B7A980 /* DayDetailSheet.swift in Sources */ = {isa = PBXBuildFile; fileRef = 3F22BE1961196FF245F47110 /* DayDetailSheet.swift */; };
		2555660142CB185FDA3A1BE3 /* AppSettings.swift in Sources */ = {isa = PBXBuildFile; fileRef = E9461CDE4FE64BEEE3B49FBD /* AppSettings.swift */; };
		283A183557AD8ADC21DCCCC5 /* SettingsView.swift in Sources */ = {isa = PBXBuildFile; fileRef = 2A1B71C8E4BEE9653A6E1140 /* SettingsView.swift */; };
		29D0A568EBA5C2221D417D57 /* SmokeTests.swift in Sources */ = {isa = PBXBuildFile; fileRef = 155872E8F13B8D0F97A153E7 /* SmokeTests.swift */; };
		29E6DAEB96E5D7D6747A5A28 /* LiveActivityManager.swift in Sources */ = {isa = PBXBuildFile; fileRef = 1142FFE8A6ED978710D445D7 /* LiveActivityManager.swift */; };
		2EA1FE192D9AF45095969C48 /* StoreTests.swift in Sources */ = {isa = PBXBuildFile; fileRef = B496D9146935C8A2D51892C1 /* StoreTests.swift */; };
		2F11B67F210066E2C0D7993E /* GeoOutSheet.swift in Sources */ = {isa = PBXBuildFile; fileRef = 98BAF10869530EA1F3906C01 /* GeoOutSheet.swift */; };
		481A1C788529BB9358806832 /* Engine.swift in Sources */ = {isa = PBXBuildFile; fileRef = 59F8FD09BA6C78E3E1E3B30B /* Engine.swift */; };
		4CAE189187530F1C058D5E60 /* EditAndEntryTests.swift in Sources */ = {isa = PBXBuildFile; fileRef = 2FAF6D448D2A93A6AC3A901B /* EditAndEntryTests.swift */; };
		566957A679AE9B1FAC1CF6C6 /* ReviewView.swift in Sources */ = {isa = PBXBuildFile; fileRef = 7CD55435EE02D147F1A8E1B5 /* ReviewView.swift */; };
		59F099B30581F0D44E91CE08 /* AppModel.swift in Sources */ = {isa = PBXBuildFile; fileRef = A5D260E0F95DA7007874678C /* AppModel.swift */; };
		62FCB3AA507A4D7E0C081F51 /* Assets.xcassets in Resources */ = {isa = PBXBuildFile; fileRef = 1B04AA1FC7A4A96E2442E20D /* Assets.xcassets */; };
		6371376BE74C9F44637355C9 /* LiveActivityManager.swift in Sources */ = {isa = PBXBuildFile; fileRef = 1142FFE8A6ED978710D445D7 /* LiveActivityManager.swift */; };
		655F50607E6CE147EE99F593 /* HoursWidgets.appex in Embed Foundation Extensions */ = {isa = PBXBuildFile; fileRef = 0FDBDB2D263DF6CBFEF70A78 /* HoursWidgets.appex */; settings = {ATTRIBUTES = (RemoveHeadersOnCopy, ); }; };
		6DF4D71AF9248F1164C5B352 /* NotificationManager.swift in Sources */ = {isa = PBXBuildFile; fileRef = D0C4A935F4E95F62DA30F945 /* NotificationManager.swift */; };
		71BFC84C6EC47943B0C265C5 /* HoursSmallWidget.swift in Sources */ = {isa = PBXBuildFile; fileRef = 4C73556B5782E9912CD46A78 /* HoursSmallWidget.swift */; };
		77AAF643BAD5A03695523928 /* SegmentMathTests.swift in Sources */ = {isa = PBXBuildFile; fileRef = 6A9FD10133AA2D8BDDA9A0BB /* SegmentMathTests.swift */; };
		7CD0C96B9FE32D504DB2E040 /* TestSupport.swift in Sources */ = {isa = PBXBuildFile; fileRef = A8A8DBE1375BAF5BC4CB37C1 /* TestSupport.swift */; };
		7F2486A10438AE0AAA59B828 /* Theme.swift in Sources */ = {isa = PBXBuildFile; fileRef = 0F920F843DC7E1B5695D1896 /* Theme.swift */; };
		81AAE031C2CA0B92AC1378D6 /* HoursLiveActivity.swift in Sources */ = {isa = PBXBuildFile; fileRef = 80DA95336F5759039F37551A /* HoursLiveActivity.swift */; };
		8849C07E186AC1BD28F9B2DC /* HoursIntents.swift in Sources */ = {isa = PBXBuildFile; fileRef = F7FC2CF5A2F023D33DB3213B /* HoursIntents.swift */; };
		888A0EEFC6F6E069BDAE5AB8 /* CSVTests.swift in Sources */ = {isa = PBXBuildFile; fileRef = DA953916F5CE5E45E3C16B33 /* CSVTests.swift */; };
		8E682D840573EAB8EE03FD37 /* StatsSuggestionTests.swift in Sources */ = {isa = PBXBuildFile; fileRef = 98FF5D40E51080A858859B26 /* StatsSuggestionTests.swift */; };
		95808FB5360283362D9C758E /* Formatters.swift in Sources */ = {isa = PBXBuildFile; fileRef = 12D1B02F638499C9009E92B5 /* Formatters.swift */; };
		9F47AAD4B54706F28A4BEF86 /* TrackView.swift in Sources */ = {isa = PBXBuildFile; fileRef = 1D0EBF64F032B4A593DD5041 /* TrackView.swift */; };
		A3C653B8A894A4B8FED866B3 /* Models.swift in Sources */ = {isa = PBXBuildFile; fileRef = 8B20DA2B37D55BE0D6BEBC2C /* Models.swift */; };
		A7A7D561BC6F3E6B37103874 /* TrackerStore.swift in Sources */ = {isa = PBXBuildFile; fileRef = 4E16A529677D5EE34F259EEB /* TrackerStore.swift */; };
		A96DCCCD648C2CA646BB80AD /* RootView.swift in Sources */ = {isa = PBXBuildFile; fileRef = 7D561C84CB648B491533A2A3 /* RootView.swift */; };
		AA0F01E367D417EED958B01A /* AggregationTests.swift in Sources */ = {isa = PBXBuildFile; fileRef = CAA5D10BF8004D7676FE5504 /* AggregationTests.swift */; };
		AAE9785B0229C486795E0A2C /* AddEntrySheet.swift in Sources */ = {isa = PBXBuildFile; fileRef = 42E84E264EBE660A7E9278F4 /* AddEntrySheet.swift */; };
		B1DC7F19663735CD79220506 /* Theme.swift in Sources */ = {isa = PBXBuildFile; fileRef = 0F920F843DC7E1B5695D1896 /* Theme.swift */; };
		B4D2E310218455CEE2C705CF /* EtaAndGoalTests.swift in Sources */ = {isa = PBXBuildFile; fileRef = 4D3B56F8D54260DCF6077247 /* EtaAndGoalTests.swift */; };
		B7D4C5797837B6E05DCBD159 /* TimeMath.swift in Sources */ = {isa = PBXBuildFile; fileRef = 65DC59ED589F6DD0CC6B0598 /* TimeMath.swift */; };
		BFD8EFD9D15F9CD3303A57F0 /* HoursWidgetsBundle.swift in Sources */ = {isa = PBXBuildFile; fileRef = 1C561A8EA875F3A41D9E6677 /* HoursWidgetsBundle.swift */; };
		C4E2122CF3391147BE683A4A /* HoursActivityAttributes.swift in Sources */ = {isa = PBXBuildFile; fileRef = C79866B731F34AF50CDBBADB /* HoursActivityAttributes.swift */; };
		C5300C5E7D6743537F715EC5 /* TrackerStore.swift in Sources */ = {isa = PBXBuildFile; fileRef = 4E16A529677D5EE34F259EEB /* TrackerStore.swift */; };
		C5AA9ABBFD20428325B91E2F /* CSVExportSheet.swift in Sources */ = {isa = PBXBuildFile; fileRef = B024705F44078AF806F58241 /* CSVExportSheet.swift */; };
		C6F15ADADC74A32655550DA2 /* Components.swift in Sources */ = {isa = PBXBuildFile; fileRef = D2AE42546E4254E889C9D551 /* Components.swift */; };
		CC7B2405B54AA3A5A4CCDA3F /* Models.swift in Sources */ = {isa = PBXBuildFile; fileRef = 8B20DA2B37D55BE0D6BEBC2C /* Models.swift */; };
		CF87B51E87365E84F2D63388 /* GeofenceManager.swift in Sources */ = {isa = PBXBuildFile; fileRef = C8A2DE01A7ADAA10DBE27D3E /* GeofenceManager.swift */; };
		D777350F9132887B600C100C /* Snapshot.swift in Sources */ = {isa = PBXBuildFile; fileRef = 4EF3C1A55B15C99FDADBEF98 /* Snapshot.swift */; };
		DC8CA8FBC93FD7A1F1BA375C /* HoursActivityAttributes.swift in Sources */ = {isa = PBXBuildFile; fileRef = C79866B731F34AF50CDBBADB /* HoursActivityAttributes.swift */; };
		ED9D729D2836FABC96600C85 /* HoursIntents.swift in Sources */ = {isa = PBXBuildFile; fileRef = F7FC2CF5A2F023D33DB3213B /* HoursIntents.swift */; };
		F0B2BE11BE6A70CED84A9E07 /* TimeMath.swift in Sources */ = {isa = PBXBuildFile; fileRef = 65DC59ED589F6DD0CC6B0598 /* TimeMath.swift */; };
		F0C4D5583FEB5A73499B71BC /* AuditRegressionTests.swift in Sources */ = {isa = PBXBuildFile; fileRef = C09279D77675C3E4ADC123FB /* AuditRegressionTests.swift */; };
		FA8EC09B04BB8E1F6E80236C /* Shortcuts.swift in Sources */ = {isa = PBXBuildFile; fileRef = 6AE74AAC312B700B1C7376B7 /* Shortcuts.swift */; };
		FE5559372784738E4D458F43 /* Snapshot.swift in Sources */ = {isa = PBXBuildFile; fileRef = 4EF3C1A55B15C99FDADBEF98 /* Snapshot.swift */; };
/* End PBXBuildFile section */

/* Begin PBXContainerItemProxy section */
		440053A255798529A8A6508C /* PBXContainerItemProxy */ = {
			isa = PBXContainerItemProxy;
			containerPortal = B4F778828E4F8CC8678BC0F6 /* Project object */;
			proxyType = 1;
			remoteGlobalIDString = FF1BBA1112AD61B9C1287C31;
			remoteInfo = Hours;
		};
		9875BFDEBB0C9187BC39C90D /* PBXContainerItemProxy */ = {
			isa = PBXContainerItemProxy;
			containerPortal = B4F778828E4F8CC8678BC0F6 /* Project object */;
			proxyType = 1;
			remoteGlobalIDString = 65F70357F51A9DC8139E37BF;
			remoteInfo = HoursWidgets;
		};
/* End PBXContainerItemProxy section */

/* Begin PBXCopyFilesBuildPhase section */
		E64C83F45CD27679D069DF74 /* Embed Foundation Extensions */ = {
			isa = PBXCopyFilesBuildPhase;
			buildActionMask = 2147483647;
			dstPath = "";
			dstSubfolderSpec = 13;
			files = (
				655F50607E6CE147EE99F593 /* HoursWidgets.appex in Embed Foundation Extensions */,
			);
			name = "Embed Foundation Extensions";
			runOnlyForDeploymentPostprocessing = 0;
		};
/* End PBXCopyFilesBuildPhase section */

/* Begin PBXFileReference section */
		0231DC83E63B9B353ECFEEAD /* Hours.entitlements */ = {isa = PBXFileReference; lastKnownFileType = text.plist.entitlements; path = Hours.entitlements; sourceTree = "<group>"; };
		023A351A78C12C993AE83D60 /* HoursApp.swift */ = {isa = PBXFileReference; lastKnownFileType = sourcecode.swift; path = HoursApp.swift; sourceTree = "<group>"; };
		0F920F843DC7E1B5695D1896 /* Theme.swift */ = {isa = PBXFileReference; lastKnownFileType = sourcecode.swift; path = Theme.swift; sourceTree = "<group>"; };
		0FDBDB2D263DF6CBFEF70A78 /* HoursWidgets.appex */ = {isa = PBXFileReference; includeInIndex = 0; lastKnownFileType = "wrapper.app-extension"; path = HoursWidgets.appex; sourceTree = BUILT_PRODUCTS_DIR; };
		1142FFE8A6ED978710D445D7 /* LiveActivityManager.swift */ = {isa = PBXFileReference; lastKnownFileType = sourcecode.swift; path = LiveActivityManager.swift; sourceTree = "<group>"; };
		12D1B02F638499C9009E92B5 /* Formatters.swift */ = {isa = PBXFileReference; lastKnownFileType = sourcecode.swift; path = Formatters.swift; sourceTree = "<group>"; };
		155872E8F13B8D0F97A153E7 /* SmokeTests.swift */ = {isa = PBXFileReference; lastKnownFileType = sourcecode.swift; path = SmokeTests.swift; sourceTree = "<group>"; };
		1B04AA1FC7A4A96E2442E20D /* Assets.xcassets */ = {isa = PBXFileReference; lastKnownFileType = folder.assetcatalog; path = Assets.xcassets; sourceTree = "<group>"; };
		1C561A8EA875F3A41D9E6677 /* HoursWidgetsBundle.swift */ = {isa = PBXFileReference; lastKnownFileType = sourcecode.swift; path = HoursWidgetsBundle.swift; sourceTree = "<group>"; };
		1D0EBF64F032B4A593DD5041 /* TrackView.swift */ = {isa = PBXFileReference; lastKnownFileType = sourcecode.swift; path = TrackView.swift; sourceTree = "<group>"; };
		2A1B71C8E4BEE9653A6E1140 /* SettingsView.swift */ = {isa = PBXFileReference; lastKnownFileType = sourcecode.swift; path = SettingsView.swift; sourceTree = "<group>"; };
		2FAF6D448D2A93A6AC3A901B /* EditAndEntryTests.swift */ = {isa = PBXFileReference; lastKnownFileType = sourcecode.swift; path = EditAndEntryTests.swift; sourceTree = "<group>"; };
		318E058E31B5CB97872643AD /* HoursTests.xctest */ = {isa = PBXFileReference; includeInIndex = 0; lastKnownFileType = wrapper.cfbundle; path = HoursTests.xctest; sourceTree = BUILT_PRODUCTS_DIR; };
		3F22BE1961196FF245F47110 /* DayDetailSheet.swift */ = {isa = PBXFileReference; lastKnownFileType = sourcecode.swift; path = DayDetailSheet.swift; sourceTree = "<group>"; };
		42E84E264EBE660A7E9278F4 /* AddEntrySheet.swift */ = {isa = PBXFileReference; lastKnownFileType = sourcecode.swift; path = AddEntrySheet.swift; sourceTree = "<group>"; };
		4C73556B5782E9912CD46A78 /* HoursSmallWidget.swift */ = {isa = PBXFileReference; lastKnownFileType = sourcecode.swift; path = HoursSmallWidget.swift; sourceTree = "<group>"; };
		4D3B56F8D54260DCF6077247 /* EtaAndGoalTests.swift */ = {isa = PBXFileReference; lastKnownFileType = sourcecode.swift; path = EtaAndGoalTests.swift; sourceTree = "<group>"; };
		4E16A529677D5EE34F259EEB /* TrackerStore.swift */ = {isa = PBXFileReference; lastKnownFileType = sourcecode.swift; path = TrackerStore.swift; sourceTree = "<group>"; };
		4EF3C1A55B15C99FDADBEF98 /* Snapshot.swift */ = {isa = PBXFileReference; lastKnownFileType = sourcecode.swift; path = Snapshot.swift; sourceTree = "<group>"; };
		59F8FD09BA6C78E3E1E3B30B /* Engine.swift */ = {isa = PBXFileReference; lastKnownFileType = sourcecode.swift; path = Engine.swift; sourceTree = "<group>"; };
		63C546D54683F047B6F8C41D /* Hours.app */ = {isa = PBXFileReference; includeInIndex = 0; lastKnownFileType = wrapper.application; path = Hours.app; sourceTree = BUILT_PRODUCTS_DIR; };
		65DC59ED589F6DD0CC6B0598 /* TimeMath.swift */ = {isa = PBXFileReference; lastKnownFileType = sourcecode.swift; path = TimeMath.swift; sourceTree = "<group>"; };
		6A9FD10133AA2D8BDDA9A0BB /* SegmentMathTests.swift */ = {isa = PBXFileReference; lastKnownFileType = sourcecode.swift; path = SegmentMathTests.swift; sourceTree = "<group>"; };
		6AE74AAC312B700B1C7376B7 /* Shortcuts.swift */ = {isa = PBXFileReference; lastKnownFileType = sourcecode.swift; path = Shortcuts.swift; sourceTree = "<group>"; };
		7CD55435EE02D147F1A8E1B5 /* ReviewView.swift */ = {isa = PBXFileReference; lastKnownFileType = sourcecode.swift; path = ReviewView.swift; sourceTree = "<group>"; };
		7D561C84CB648B491533A2A3 /* RootView.swift */ = {isa = PBXFileReference; lastKnownFileType = sourcecode.swift; path = RootView.swift; sourceTree = "<group>"; };
		80DA95336F5759039F37551A /* HoursLiveActivity.swift */ = {isa = PBXFileReference; lastKnownFileType = sourcecode.swift; path = HoursLiveActivity.swift; sourceTree = "<group>"; };
		8B20DA2B37D55BE0D6BEBC2C /* Models.swift */ = {isa = PBXFileReference; lastKnownFileType = sourcecode.swift; path = Models.swift; sourceTree = "<group>"; };
		98BAF10869530EA1F3906C01 /* GeoOutSheet.swift */ = {isa = PBXFileReference; lastKnownFileType = sourcecode.swift; path = GeoOutSheet.swift; sourceTree = "<group>"; };
		98FF5D40E51080A858859B26 /* StatsSuggestionTests.swift */ = {isa = PBXFileReference; lastKnownFileType = sourcecode.swift; path = StatsSuggestionTests.swift; sourceTree = "<group>"; };
		A5D260E0F95DA7007874678C /* AppModel.swift */ = {isa = PBXFileReference; lastKnownFileType = sourcecode.swift; path = AppModel.swift; sourceTree = "<group>"; };
		A892D810F247B49BA8A20DC1 /* Info.plist */ = {isa = PBXFileReference; lastKnownFileType = text.plist; path = Info.plist; sourceTree = "<group>"; };
		A8A8DBE1375BAF5BC4CB37C1 /* TestSupport.swift */ = {isa = PBXFileReference; lastKnownFileType = sourcecode.swift; path = TestSupport.swift; sourceTree = "<group>"; };
		B024705F44078AF806F58241 /* CSVExportSheet.swift */ = {isa = PBXFileReference; lastKnownFileType = sourcecode.swift; path = CSVExportSheet.swift; sourceTree = "<group>"; };
		B496D9146935C8A2D51892C1 /* StoreTests.swift */ = {isa = PBXFileReference; lastKnownFileType = sourcecode.swift; path = StoreTests.swift; sourceTree = "<group>"; };
		C09279D77675C3E4ADC123FB /* AuditRegressionTests.swift */ = {isa = PBXFileReference; lastKnownFileType = sourcecode.swift; path = AuditRegressionTests.swift; sourceTree = "<group>"; };
		C3291359C1294C4EEDA8B28A /* HoursWidgets.entitlements */ = {isa = PBXFileReference; lastKnownFileType = text.plist.entitlements; path = HoursWidgets.entitlements; sourceTree = "<group>"; };
		C561682ED777C7B31F689849 /* Info.plist */ = {isa = PBXFileReference; lastKnownFileType = text.plist; path = Info.plist; sourceTree = "<group>"; };
		C79866B731F34AF50CDBBADB /* HoursActivityAttributes.swift */ = {isa = PBXFileReference; lastKnownFileType = sourcecode.swift; path = HoursActivityAttributes.swift; sourceTree = "<group>"; };
		C8A2DE01A7ADAA10DBE27D3E /* GeofenceManager.swift */ = {isa = PBXFileReference; lastKnownFileType = sourcecode.swift; path = GeofenceManager.swift; sourceTree = "<group>"; };
		CAA5D10BF8004D7676FE5504 /* AggregationTests.swift */ = {isa = PBXFileReference; lastKnownFileType = sourcecode.swift; path = AggregationTests.swift; sourceTree = "<group>"; };
		D0C4A935F4E95F62DA30F945 /* NotificationManager.swift */ = {isa = PBXFileReference; lastKnownFileType = sourcecode.swift; path = NotificationManager.swift; sourceTree = "<group>"; };
		D2AE42546E4254E889C9D551 /* Components.swift */ = {isa = PBXFileReference; lastKnownFileType = sourcecode.swift; path = Components.swift; sourceTree = "<group>"; };
		DA953916F5CE5E45E3C16B33 /* CSVTests.swift */ = {isa = PBXFileReference; lastKnownFileType = sourcecode.swift; path = CSVTests.swift; sourceTree = "<group>"; };
		E9461CDE4FE64BEEE3B49FBD /* AppSettings.swift */ = {isa = PBXFileReference; lastKnownFileType = sourcecode.swift; path = AppSettings.swift; sourceTree = "<group>"; };
		F7FC2CF5A2F023D33DB3213B /* HoursIntents.swift */ = {isa = PBXFileReference; lastKnownFileType = sourcecode.swift; path = HoursIntents.swift; sourceTree = "<group>"; };
/* End PBXFileReference section */

/* Begin PBXGroup section */
		2F0DDBEE536B2D45E81B790B /* HoursTests */ = {
			isa = PBXGroup;
			children = (
				CAA5D10BF8004D7676FE5504 /* AggregationTests.swift */,
				C09279D77675C3E4ADC123FB /* AuditRegressionTests.swift */,
				DA953916F5CE5E45E3C16B33 /* CSVTests.swift */,
				2FAF6D448D2A93A6AC3A901B /* EditAndEntryTests.swift */,
				4D3B56F8D54260DCF6077247 /* EtaAndGoalTests.swift */,
				6A9FD10133AA2D8BDDA9A0BB /* SegmentMathTests.swift */,
				155872E8F13B8D0F97A153E7 /* SmokeTests.swift */,
				98FF5D40E51080A858859B26 /* StatsSuggestionTests.swift */,
				B496D9146935C8A2D51892C1 /* StoreTests.swift */,
				A8A8DBE1375BAF5BC4CB37C1 /* TestSupport.swift */,
			);
			path = HoursTests;
			sourceTree = "<group>";
		};
		49E5BB83DC2EA9BB746C3E91 /* HoursWidgets */ = {
			isa = PBXGroup;
			children = (
				80DA95336F5759039F37551A /* HoursLiveActivity.swift */,
				4C73556B5782E9912CD46A78 /* HoursSmallWidget.swift */,
				C3291359C1294C4EEDA8B28A /* HoursWidgets.entitlements */,
				1C561A8EA875F3A41D9E6677 /* HoursWidgetsBundle.swift */,
				C561682ED777C7B31F689849 /* Info.plist */,
			);
			path = HoursWidgets;
			sourceTree = "<group>";
		};
		4C21636887D29D32782BBBAE /* Geofence */ = {
			isa = PBXGroup;
			children = (
				C8A2DE01A7ADAA10DBE27D3E /* GeofenceManager.swift */,
				D0C4A935F4E95F62DA30F945 /* NotificationManager.swift */,
			);
			path = Geofence;
			sourceTree = "<group>";
		};
		636B9DB93F8FF2E5AA132699 = {
			isa = PBXGroup;
			children = (
				EE81C720DDC5DB9756CF0F3C /* Hours */,
				2F0DDBEE536B2D45E81B790B /* HoursTests */,
				49E5BB83DC2EA9BB746C3E91 /* HoursWidgets */,
				C74820D653F11A2551B4573D /* Shared */,
				8783EB865653A84AA1ABC08F /* Products */,
			);
			sourceTree = "<group>";
		};
		83F1D0C2B85563E090E96C8D /* Views */ = {
			isa = PBXGroup;
			children = (
				42E84E264EBE660A7E9278F4 /* AddEntrySheet.swift */,
				D2AE42546E4254E889C9D551 /* Components.swift */,
				B024705F44078AF806F58241 /* CSVExportSheet.swift */,
				3F22BE1961196FF245F47110 /* DayDetailSheet.swift */,
				98BAF10869530EA1F3906C01 /* GeoOutSheet.swift */,
				7CD55435EE02D147F1A8E1B5 /* ReviewView.swift */,
				7D561C84CB648B491533A2A3 /* RootView.swift */,
				2A1B71C8E4BEE9653A6E1140 /* SettingsView.swift */,
				1D0EBF64F032B4A593DD5041 /* TrackView.swift */,
			);
			path = Views;
			sourceTree = "<group>";
		};
		8783EB865653A84AA1ABC08F /* Products */ = {
			isa = PBXGroup;
			children = (
				63C546D54683F047B6F8C41D /* Hours.app */,
				318E058E31B5CB97872643AD /* HoursTests.xctest */,
				0FDBDB2D263DF6CBFEF70A78 /* HoursWidgets.appex */,
			);
			name = Products;
			sourceTree = "<group>";
		};
		C74820D653F11A2551B4573D /* Shared */ = {
			isa = PBXGroup;
			children = (
				E9461CDE4FE64BEEE3B49FBD /* AppSettings.swift */,
				59F8FD09BA6C78E3E1E3B30B /* Engine.swift */,
				12D1B02F638499C9009E92B5 /* Formatters.swift */,
				C79866B731F34AF50CDBBADB /* HoursActivityAttributes.swift */,
				F7FC2CF5A2F023D33DB3213B /* HoursIntents.swift */,
				1142FFE8A6ED978710D445D7 /* LiveActivityManager.swift */,
				8B20DA2B37D55BE0D6BEBC2C /* Models.swift */,
				4EF3C1A55B15C99FDADBEF98 /* Snapshot.swift */,
				0F920F843DC7E1B5695D1896 /* Theme.swift */,
				65DC59ED589F6DD0CC6B0598 /* TimeMath.swift */,
				4E16A529677D5EE34F259EEB /* TrackerStore.swift */,
			);
			path = Shared;
			sourceTree = "<group>";
		};
		EE81C720DDC5DB9756CF0F3C /* Hours */ = {
			isa = PBXGroup;
			children = (
				A5D260E0F95DA7007874678C /* AppModel.swift */,
				1B04AA1FC7A4A96E2442E20D /* Assets.xcassets */,
				0231DC83E63B9B353ECFEEAD /* Hours.entitlements */,
				023A351A78C12C993AE83D60 /* HoursApp.swift */,
				A892D810F247B49BA8A20DC1 /* Info.plist */,
				6AE74AAC312B700B1C7376B7 /* Shortcuts.swift */,
				4C21636887D29D32782BBBAE /* Geofence */,
				83F1D0C2B85563E090E96C8D /* Views */,
			);
			path = Hours;
			sourceTree = "<group>";
		};
/* End PBXGroup section */

/* Begin PBXNativeTarget section */
		361ED12E355EBA680810771E /* HoursTests */ = {
			isa = PBXNativeTarget;
			buildConfigurationList = DEEC6BDB7622519F055F9A3A /* Build configuration list for PBXNativeTarget "HoursTests" */;
			buildPhases = (
				CF47AA0A190FA2B3A5E4437A /* Sources */,
			);
			buildRules = (
			);
			dependencies = (
				437A42FE5D7C9F397B8A518E /* PBXTargetDependency */,
			);
			name = HoursTests;
			packageProductDependencies = (
			);
			productName = HoursTests;
			productReference = 318E058E31B5CB97872643AD /* HoursTests.xctest */;
			productType = "com.apple.product-type.bundle.unit-test";
		};
		65F70357F51A9DC8139E37BF /* HoursWidgets */ = {
			isa = PBXNativeTarget;
			buildConfigurationList = 50B823737D7F8803BAC4913E /* Build configuration list for PBXNativeTarget "HoursWidgets" */;
			buildPhases = (
				F16A85F5A9D23396D9F570DA /* Sources */,
			);
			buildRules = (
			);
			dependencies = (
			);
			name = HoursWidgets;
			packageProductDependencies = (
			);
			productName = HoursWidgets;
			productReference = 0FDBDB2D263DF6CBFEF70A78 /* HoursWidgets.appex */;
			productType = "com.apple.product-type.app-extension";
		};
		FF1BBA1112AD61B9C1287C31 /* Hours */ = {
			isa = PBXNativeTarget;
			buildConfigurationList = DEF46A08C638BF14813B5E11 /* Build configuration list for PBXNativeTarget "Hours" */;
			buildPhases = (
				7E2EB2BD0B9BA38EFE919262 /* Sources */,
				580F76F4975D175CA6081590 /* Resources */,
				E64C83F45CD27679D069DF74 /* Embed Foundation Extensions */,
			);
			buildRules = (
			);
			dependencies = (
				CCE3F198ACD85C5F8331287B /* PBXTargetDependency */,
			);
			name = Hours;
			packageProductDependencies = (
			);
			productName = Hours;
			productReference = 63C546D54683F047B6F8C41D /* Hours.app */;
			productType = "com.apple.product-type.application";
		};
/* End PBXNativeTarget section */

/* Begin PBXProject section */
		B4F778828E4F8CC8678BC0F6 /* Project object */ = {
			isa = PBXProject;
			attributes = {
				BuildIndependentTargetsInParallel = YES;
				LastUpgradeCheck = 1430;
				TargetAttributes = {
				};
			};
			buildConfigurationList = B523AB89B58A4330A07335D2 /* Build configuration list for PBXProject "Hours" */;
			developmentRegion = en;
			hasScannedForEncodings = 0;
			knownRegions = (
				Base,
				en,
			);
			mainGroup = 636B9DB93F8FF2E5AA132699;
			minimizedProjectReferenceProxies = 1;
			preferredProjectObjectVersion = 77;
			productRefGroup = 8783EB865653A84AA1ABC08F /* Products */;
			projectDirPath = "";
			projectRoot = "";
			targets = (
				FF1BBA1112AD61B9C1287C31 /* Hours */,
				361ED12E355EBA680810771E /* HoursTests */,
				65F70357F51A9DC8139E37BF /* HoursWidgets */,
			);
		};
/* End PBXProject section */

/* Begin PBXResourcesBuildPhase section */
		580F76F4975D175CA6081590 /* Resources */ = {
			isa = PBXResourcesBuildPhase;
			buildActionMask = 2147483647;
			files = (
				62FCB3AA507A4D7E0C081F51 /* Assets.xcassets in Resources */,
			);
			runOnlyForDeploymentPostprocessing = 0;
		};
/* End PBXResourcesBuildPhase section */

/* Begin PBXSourcesBuildPhase section */
		7E2EB2BD0B9BA38EFE919262 /* Sources */ = {
			isa = PBXSourcesBuildPhase;
			buildActionMask = 2147483647;
			files = (
				AAE9785B0229C486795E0A2C /* AddEntrySheet.swift in Sources */,
				59F099B30581F0D44E91CE08 /* AppModel.swift in Sources */,
				2555660142CB185FDA3A1BE3 /* AppSettings.swift in Sources */,
				C5AA9ABBFD20428325B91E2F /* CSVExportSheet.swift in Sources */,
				C6F15ADADC74A32655550DA2 /* Components.swift in Sources */,
				1EA71F7F2B276E1CE4B7A980 /* DayDetailSheet.swift in Sources */,
				11898497C766B5E82A58B67A /* Engine.swift in Sources */,
				95808FB5360283362D9C758E /* Formatters.swift in Sources */,
				2F11B67F210066E2C0D7993E /* GeoOutSheet.swift in Sources */,
				CF87B51E87365E84F2D63388 /* GeofenceManager.swift in Sources */,
				DC8CA8FBC93FD7A1F1BA375C /* HoursActivityAttributes.swift in Sources */,
				1A6BBACED5B142F6E852D8A2 /* HoursApp.swift in Sources */,
				ED9D729D2836FABC96600C85 /* HoursIntents.swift in Sources */,
				29E6DAEB96E5D7D6747A5A28 /* LiveActivityManager.swift in Sources */,
				A3C653B8A894A4B8FED866B3 /* Models.swift in Sources */,
				6DF4D71AF9248F1164C5B352 /* NotificationManager.swift in Sources */,
				566957A679AE9B1FAC1CF6C6 /* ReviewView.swift in Sources */,
				A96DCCCD648C2CA646BB80AD /* RootView.swift in Sources */,
				283A183557AD8ADC21DCCCC5 /* SettingsView.swift in Sources */,
				FA8EC09B04BB8E1F6E80236C /* Shortcuts.swift in Sources */,
				D777350F9132887B600C100C /* Snapshot.swift in Sources */,
				B1DC7F19663735CD79220506 /* Theme.swift in Sources */,
				F0B2BE11BE6A70CED84A9E07 /* TimeMath.swift in Sources */,
				9F47AAD4B54706F28A4BEF86 /* TrackView.swift in Sources */,
				C5300C5E7D6743537F715EC5 /* TrackerStore.swift in Sources */,
			);
			runOnlyForDeploymentPostprocessing = 0;
		};
		CF47AA0A190FA2B3A5E4437A /* Sources */ = {
			isa = PBXSourcesBuildPhase;
			buildActionMask = 2147483647;
			files = (
				AA0F01E367D417EED958B01A /* AggregationTests.swift in Sources */,
				F0C4D5583FEB5A73499B71BC /* AuditRegressionTests.swift in Sources */,
				888A0EEFC6F6E069BDAE5AB8 /* CSVTests.swift in Sources */,
				4CAE189187530F1C058D5E60 /* EditAndEntryTests.swift in Sources */,
				B4D2E310218455CEE2C705CF /* EtaAndGoalTests.swift in Sources */,
				77AAF643BAD5A03695523928 /* SegmentMathTests.swift in Sources */,
				29D0A568EBA5C2221D417D57 /* SmokeTests.swift in Sources */,
				8E682D840573EAB8EE03FD37 /* StatsSuggestionTests.swift in Sources */,
				2EA1FE192D9AF45095969C48 /* StoreTests.swift in Sources */,
				7CD0C96B9FE32D504DB2E040 /* TestSupport.swift in Sources */,
			);
			runOnlyForDeploymentPostprocessing = 0;
		};
		F16A85F5A9D23396D9F570DA /* Sources */ = {
			isa = PBXSourcesBuildPhase;
			buildActionMask = 2147483647;
			files = (
				08AAF19B6F8C7B3393EF1E88 /* AppSettings.swift in Sources */,
				481A1C788529BB9358806832 /* Engine.swift in Sources */,
				0A949DB49FF4EC80EE643C85 /* Formatters.swift in Sources */,
				C4E2122CF3391147BE683A4A /* HoursActivityAttributes.swift in Sources */,
				8849C07E186AC1BD28F9B2DC /* HoursIntents.swift in Sources */,
				81AAE031C2CA0B92AC1378D6 /* HoursLiveActivity.swift in Sources */,
				71BFC84C6EC47943B0C265C5 /* HoursSmallWidget.swift in Sources */,
				BFD8EFD9D15F9CD3303A57F0 /* HoursWidgetsBundle.swift in Sources */,
				6371376BE74C9F44637355C9 /* LiveActivityManager.swift in Sources */,
				CC7B2405B54AA3A5A4CCDA3F /* Models.swift in Sources */,
				FE5559372784738E4D458F43 /* Snapshot.swift in Sources */,
				7F2486A10438AE0AAA59B828 /* Theme.swift in Sources */,
				B7D4C5797837B6E05DCBD159 /* TimeMath.swift in Sources */,
				A7A7D561BC6F3E6B37103874 /* TrackerStore.swift in Sources */,
			);
			runOnlyForDeploymentPostprocessing = 0;
		};
/* End PBXSourcesBuildPhase section */

/* Begin PBXTargetDependency section */
		437A42FE5D7C9F397B8A518E /* PBXTargetDependency */ = {
			isa = PBXTargetDependency;
			target = FF1BBA1112AD61B9C1287C31 /* Hours */;
			targetProxy = 440053A255798529A8A6508C /* PBXContainerItemProxy */;
		};
		CCE3F198ACD85C5F8331287B /* PBXTargetDependency */ = {
			isa = PBXTargetDependency;
			target = 65F70357F51A9DC8139E37BF /* HoursWidgets */;
			targetProxy = 9875BFDEBB0C9187BC39C90D /* PBXContainerItemProxy */;
		};
/* End PBXTargetDependency section */

/* Begin XCBuildConfiguration section */
		2CAFA16BE7E90E57AF96C6DC /* Release */ = {
			isa = XCBuildConfiguration;
			buildSettings = {
				ALWAYS_SEARCH_USER_PATHS = NO;
				CLANG_ANALYZER_NONNULL = YES;
				CLANG_ANALYZER_NUMBER_OBJECT_CONVERSION = YES_AGGRESSIVE;
				CLANG_CXX_LANGUAGE_STANDARD = "gnu++14";
				CLANG_CXX_LIBRARY = "libc++";
				CLANG_ENABLE_MODULES = YES;
				CLANG_ENABLE_OBJC_ARC = YES;
				CLANG_ENABLE_OBJC_WEAK = YES;
				CLANG_WARN_BLOCK_CAPTURE_AUTORELEASING = YES;
				CLANG_WARN_BOOL_CONVERSION = YES;
				CLANG_WARN_COMMA = YES;
				CLANG_WARN_CONSTANT_CONVERSION = YES;
				CLANG_WARN_DEPRECATED_OBJC_IMPLEMENTATIONS = YES;
				CLANG_WARN_DIRECT_OBJC_ISA_USAGE = YES_ERROR;
				CLANG_WARN_DOCUMENTATION_COMMENTS = YES;
				CLANG_WARN_EMPTY_BODY = YES;
				CLANG_WARN_ENUM_CONVERSION = YES;
				CLANG_WARN_INFINITE_RECURSION = YES;
				CLANG_WARN_INT_CONVERSION = YES;
				CLANG_WARN_NON_LITERAL_NULL_CONVERSION = YES;
				CLANG_WARN_OBJC_IMPLICIT_RETAIN_SELF = YES;
				CLANG_WARN_OBJC_LITERAL_CONVERSION = YES;
				CLANG_WARN_OBJC_ROOT_CLASS = YES_ERROR;
				CLANG_WARN_QUOTED_INCLUDE_IN_FRAMEWORK_HEADER = YES;
				CLANG_WARN_RANGE_LOOP_ANALYSIS = YES;
				CLANG_WARN_STRICT_PROTOTYPES = YES;
				CLANG_WARN_SUSPICIOUS_MOVE = YES;
				CLANG_WARN_UNGUARDED_AVAILABILITY = YES_AGGRESSIVE;
				CLANG_WARN_UNREACHABLE_CODE = YES;
				CLANG_WARN__DUPLICATE_METHOD_MATCH = YES;
				COPY_PHASE_STRIP = NO;
				CURRENT_PROJECT_VERSION = 1;
				DEBUG_INFORMATION_FORMAT = "dwarf-with-dsym";
				ENABLE_NS_ASSERTIONS = NO;
				ENABLE_STRICT_OBJC_MSGSEND = YES;
				ENABLE_USER_SCRIPT_SANDBOXING = YES;
				GCC_C_LANGUAGE_STANDARD = gnu11;
				GCC_NO_COMMON_BLOCKS = YES;
				GCC_WARN_64_TO_32_BIT_CONVERSION = YES;
				GCC_WARN_ABOUT_RETURN_TYPE = YES_ERROR;
				GCC_WARN_UNDECLARED_SELECTOR = YES;
				GCC_WARN_UNINITIALIZED_AUTOS = YES_AGGRESSIVE;
				GCC_WARN_UNUSED_FUNCTION = YES;
				GCC_WARN_UNUSED_VARIABLE = YES;
				IPHONEOS_DEPLOYMENT_TARGET = 17.0;
				MARKETING_VERSION = 1.0;
				MTL_ENABLE_DEBUG_INFO = NO;
				MTL_FAST_MATH = YES;
				PRODUCT_NAME = "$(TARGET_NAME)";
				SDKROOT = iphoneos;
				SWIFT_COMPILATION_MODE = wholemodule;
				SWIFT_OPTIMIZATION_LEVEL = "-O";
				SWIFT_VERSION = 5.0;
				TARGETED_DEVICE_FAMILY = 1;
			};
			name = Release;
		};
		3EF8830A99F4B8B9D4F16663 /* Release */ = {
			isa = XCBuildConfiguration;
			buildSettings = {
				ASSETCATALOG_COMPILER_APPICON_NAME = AppIcon;
				CODE_SIGN_ENTITLEMENTS = Hours/Hours.entitlements;
				CODE_SIGN_IDENTITY = "iPhone Developer";
				INFOPLIST_FILE = Hours/Info.plist;
				INFOPLIST_KEY_UISupportedInterfaceOrientations = UIInterfaceOrientationPortrait;
				LD_RUNPATH_SEARCH_PATHS = (
					"$(inherited)",
					"@executable_path/Frameworks",
				);
				PRODUCT_BUNDLE_IDENTIFIER = com.entropic.Hours;
				SDKROOT = iphoneos;
				TARGETED_DEVICE_FAMILY = "1,2";
			};
			name = Release;
		};
		6DC9D20CFE7439537C008811 /* Debug */ = {
			isa = XCBuildConfiguration;
			buildSettings = {
				ASSETCATALOG_COMPILER_APPICON_NAME = AppIcon;
				CODE_SIGN_ENTITLEMENTS = Hours/Hours.entitlements;
				CODE_SIGN_IDENTITY = "iPhone Developer";
				INFOPLIST_FILE = Hours/Info.plist;
				INFOPLIST_KEY_UISupportedInterfaceOrientations = UIInterfaceOrientationPortrait;
				LD_RUNPATH_SEARCH_PATHS = (
					"$(inherited)",
					"@executable_path/Frameworks",
				);
				PRODUCT_BUNDLE_IDENTIFIER = com.entropic.Hours;
				SDKROOT = iphoneos;
				TARGETED_DEVICE_FAMILY = "1,2";
			};
			name = Debug;
		};
		7AC14D35E5A91E766C887D87 /* Debug */ = {
			isa = XCBuildConfiguration;
			buildSettings = {
				BUNDLE_LOADER = "$(TEST_HOST)";
				GENERATE_INFOPLIST_FILE = YES;
				LD_RUNPATH_SEARCH_PATHS = (
					"$(inherited)",
					"@executable_path/Frameworks",
					"@loader_path/Frameworks",
				);
				PRODUCT_BUNDLE_IDENTIFIER = com.entropic.HoursTests;
				SDKROOT = iphoneos;
				TARGETED_DEVICE_FAMILY = "1,2";
				TEST_HOST = "$(BUILT_PRODUCTS_DIR)/Hours.app/Hours";
			};
			name = Debug;
		};
		98B5430968C515B015C62127 /* Debug */ = {
			isa = XCBuildConfiguration;
			buildSettings = {
				CODE_SIGN_ENTITLEMENTS = HoursWidgets/HoursWidgets.entitlements;
				INFOPLIST_FILE = HoursWidgets/Info.plist;
				LD_RUNPATH_SEARCH_PATHS = (
					"$(inherited)",
					"@executable_path/Frameworks",
					"@executable_path/../../Frameworks",
				);
				PRODUCT_BUNDLE_IDENTIFIER = com.entropic.Hours.HoursWidgets;
				SDKROOT = iphoneos;
				TARGETED_DEVICE_FAMILY = "1,2";
			};
			name = Debug;
		};
		A2292657D6DD7C0069411EB0 /* Release */ = {
			isa = XCBuildConfiguration;
			buildSettings = {
				BUNDLE_LOADER = "$(TEST_HOST)";
				GENERATE_INFOPLIST_FILE = YES;
				LD_RUNPATH_SEARCH_PATHS = (
					"$(inherited)",
					"@executable_path/Frameworks",
					"@loader_path/Frameworks",
				);
				PRODUCT_BUNDLE_IDENTIFIER = com.entropic.HoursTests;
				SDKROOT = iphoneos;
				TARGETED_DEVICE_FAMILY = "1,2";
				TEST_HOST = "$(BUILT_PRODUCTS_DIR)/Hours.app/Hours";
			};
			name = Release;
		};
		BA23E41D807AB0A8CEB19F06 /* Debug */ = {
			isa = XCBuildConfiguration;
			buildSettings = {
				ALWAYS_SEARCH_USER_PATHS = NO;
				CLANG_ANALYZER_NONNULL = YES;
				CLANG_ANALYZER_NUMBER_OBJECT_CONVERSION = YES_AGGRESSIVE;
				CLANG_CXX_LANGUAGE_STANDARD = "gnu++14";
				CLANG_CXX_LIBRARY = "libc++";
				CLANG_ENABLE_MODULES = YES;
				CLANG_ENABLE_OBJC_ARC = YES;
				CLANG_ENABLE_OBJC_WEAK = YES;
				CLANG_WARN_BLOCK_CAPTURE_AUTORELEASING = YES;
				CLANG_WARN_BOOL_CONVERSION = YES;
				CLANG_WARN_COMMA = YES;
				CLANG_WARN_CONSTANT_CONVERSION = YES;
				CLANG_WARN_DEPRECATED_OBJC_IMPLEMENTATIONS = YES;
				CLANG_WARN_DIRECT_OBJC_ISA_USAGE = YES_ERROR;
				CLANG_WARN_DOCUMENTATION_COMMENTS = YES;
				CLANG_WARN_EMPTY_BODY = YES;
				CLANG_WARN_ENUM_CONVERSION = YES;
				CLANG_WARN_INFINITE_RECURSION = YES;
				CLANG_WARN_INT_CONVERSION = YES;
				CLANG_WARN_NON_LITERAL_NULL_CONVERSION = YES;
				CLANG_WARN_OBJC_IMPLICIT_RETAIN_SELF = YES;
				CLANG_WARN_OBJC_LITERAL_CONVERSION = YES;
				CLANG_WARN_OBJC_ROOT_CLASS = YES_ERROR;
				CLANG_WARN_QUOTED_INCLUDE_IN_FRAMEWORK_HEADER = YES;
				CLANG_WARN_RANGE_LOOP_ANALYSIS = YES;
				CLANG_WARN_STRICT_PROTOTYPES = YES;
				CLANG_WARN_SUSPICIOUS_MOVE = YES;
				CLANG_WARN_UNGUARDED_AVAILABILITY = YES_AGGRESSIVE;
				CLANG_WARN_UNREACHABLE_CODE = YES;
				CLANG_WARN__DUPLICATE_METHOD_MATCH = YES;
				COPY_PHASE_STRIP = NO;
				CURRENT_PROJECT_VERSION = 1;
				DEBUG_INFORMATION_FORMAT = dwarf;
				ENABLE_STRICT_OBJC_MSGSEND = YES;
				ENABLE_TESTABILITY = YES;
				ENABLE_USER_SCRIPT_SANDBOXING = YES;
				GCC_C_LANGUAGE_STANDARD = gnu11;
				GCC_DYNAMIC_NO_PIC = NO;
				GCC_NO_COMMON_BLOCKS = YES;
				GCC_OPTIMIZATION_LEVEL = 0;
				GCC_PREPROCESSOR_DEFINITIONS = (
					"$(inherited)",
					"DEBUG=1",
				);
				GCC_WARN_64_TO_32_BIT_CONVERSION = YES;
				GCC_WARN_ABOUT_RETURN_TYPE = YES_ERROR;
				GCC_WARN_UNDECLARED_SELECTOR = YES;
				GCC_WARN_UNINITIALIZED_AUTOS = YES_AGGRESSIVE;
				GCC_WARN_UNUSED_FUNCTION = YES;
				GCC_WARN_UNUSED_VARIABLE = YES;
				IPHONEOS_DEPLOYMENT_TARGET = 17.0;
				MARKETING_VERSION = 1.0;
				MTL_ENABLE_DEBUG_INFO = INCLUDE_SOURCE;
				MTL_FAST_MATH = YES;
				ONLY_ACTIVE_ARCH = YES;
				PRODUCT_NAME = "$(TARGET_NAME)";
				SDKROOT = iphoneos;
				SWIFT_ACTIVE_COMPILATION_CONDITIONS = DEBUG;
				SWIFT_OPTIMIZATION_LEVEL = "-Onone";
				SWIFT_VERSION = 5.0;
				TARGETED_DEVICE_FAMILY = 1;
			};
			name = Debug;
		};
		D126DB67EB5B0B0810A6B78E /* Release */ = {
			isa = XCBuildConfiguration;
			buildSettings = {
				CODE_SIGN_ENTITLEMENTS = HoursWidgets/HoursWidgets.entitlements;
				INFOPLIST_FILE = HoursWidgets/Info.plist;
				LD_RUNPATH_SEARCH_PATHS = (
					"$(inherited)",
					"@executable_path/Frameworks",
					"@executable_path/../../Frameworks",
				);
				PRODUCT_BUNDLE_IDENTIFIER = com.entropic.Hours.HoursWidgets;
				SDKROOT = iphoneos;
				TARGETED_DEVICE_FAMILY = "1,2";
			};
			name = Release;
		};
/* End XCBuildConfiguration section */

/* Begin XCConfigurationList section */
		50B823737D7F8803BAC4913E /* Build configuration list for PBXNativeTarget "HoursWidgets" */ = {
			isa = XCConfigurationList;
			buildConfigurations = (
				98B5430968C515B015C62127 /* Debug */,
				D126DB67EB5B0B0810A6B78E /* Release */,
			);
			defaultConfigurationIsVisible = 0;
			defaultConfigurationName = Debug;
		};
		B523AB89B58A4330A07335D2 /* Build configuration list for PBXProject "Hours" */ = {
			isa = XCConfigurationList;
			buildConfigurations = (
				BA23E41D807AB0A8CEB19F06 /* Debug */,
				2CAFA16BE7E90E57AF96C6DC /* Release */,
			);
			defaultConfigurationIsVisible = 0;
			defaultConfigurationName = Debug;
		};
		DEEC6BDB7622519F055F9A3A /* Build configuration list for PBXNativeTarget "HoursTests" */ = {
			isa = XCConfigurationList;
			buildConfigurations = (
				7AC14D35E5A91E766C887D87 /* Debug */,
				A2292657D6DD7C0069411EB0 /* Release */,
			);
			defaultConfigurationIsVisible = 0;
			defaultConfigurationName = Debug;
		};
		DEF46A08C638BF14813B5E11 /* Build configuration list for PBXNativeTarget "Hours" */ = {
			isa = XCConfigurationList;
			buildConfigurations = (
				6DC9D20CFE7439537C008811 /* Debug */,
				3EF8830A99F4B8B9D4F16663 /* Release */,
			);
			defaultConfigurationIsVisible = 0;
			defaultConfigurationName = Debug;
		};
/* End XCConfigurationList section */
	};
	rootObject = B4F778828E4F8CC8678BC0F6 /* Project object */;
}
